{
  "object": {
    "pins": [
      {
        "package": "FileKit",
        "repositoryURL": "https://github.com/nvzqz/FileKit",
        "state": {
          "branch": null,
          "revision": "cb1a5285ca780d66264a3e70862f9845ff1cfb18",
          "version": "5.2.0"
        }
      },
      {
        "package": "XCERepoConfigurator",
        "repositoryURL": "https://github.com/XCEssentials/RepoConfigurator",
        "state": {
          "branch": null,
          "revision": "c6810e9208b1032751b05fa62e7f78833d50ca5e",
          "version": "2.3.2"
        }
      },
      {
        "package": "ShellOut",
        "repositoryURL": "https://github.com/JohnSundell/ShellOut",
        "state": {
          "branch": null,
          "revision": "d3d54ce662dfee7fef619330b71d251b8d4869f9",
          "version": "2.2.0"
        }
      },
      {
        "package": "SwiftHamcrest",
        "repositoryURL": "https://github.com/nschum/SwiftHamcrest",
        "state": {
          "branch": null,
          "revision": "53e322984e000deefd3a5efaa777a7365c51aac9",
          "version": "2.2.1"
        }
      }
    ]
  },
  "version": 1
}
