{
  "object": {
    "pins": [
      {
        "package": "XCERequirement",
        "repositoryURL": "https://github.com/XCEssentials/Requirement",
        "state": {
          "branch": null,
          "revision": "f20db30ab0e8888b6d565902c7e1742c842784ee",
          "version": "2.0.3"
        }
      }
    ]
  },
  "version": 1
}
