{
  "pins" : [
    {
      "identity" : "xcerequirement",
      "kind" : "remoteSourceControl",
      "location" : "https://github.com/XCEssentials/XCERequirement",
      "state" : {
        "revision" : "4fb67bfac01f166dc4938759a8265940a74f6995",
        "version" : "2.6.1"
      }
    }
  ],
  "version" : 2
}
