// !$*UTF8*$!
{
	archiveVersion = 1;
	classes = {
	};
	objectVersion = 46;
	objects = {

/* Begin PBXBuildFile section */
		036DECBCDC685B8BFFDA8861 /* Foundation.framework in Frameworks */ = {isa = PBXBuildFile; fileRef = 30D115AFC7BD26C7A1D93EEB /* Foundation.framework */; };
		0471559B614CD92B099E01A5 /* macOS-Pipeline.swift in Sources */ = {isa = PBXBuildFile; fileRef = ACFEFD6A3B292DE0309C87DB /* macOS-Pipeline.swift */; };
		1E17C28F2561F9A905697763 /* watchOS-Pipeline.swift in Sources */ = {isa = PBXBuildFile; fileRef = 9560CF1386B2432E45988442 /* watchOS-Pipeline.swift */; };
		205D629F31003786DD364180 /* Foundation.framework in Frameworks */ = {isa = PBXBuildFile; fileRef = F22658FA8BCFC956CE4A31A2 /* Foundation.framework */; };
		23A7FF9038FECFE0769CBB6E /* Cocoa.framework in Frameworks */ = {isa = PBXBuildFile; fileRef = 710D44B081881A695877E6D8 /* Cocoa.framework */; };
		247D4FDB7C2BB5F60A1B1CC4 /* Errors.swift in Sources */ = {isa = PBXBuildFile; fileRef = 02F7F8BB76CA92CE84488514 /* Errors.swift */; };
		24E3FA6A420E9B1FF1861594 /* Pods_watchOS_Pipeline.framework in Frameworks */ = {isa = PBXBuildFile; fileRef = 90EAE2F02F357E771CA6B64A /* Pods_watchOS_Pipeline.framework */; };
		2629DCE0D6FCE9598480704D /* Pipeline.swift in Sources */ = {isa = PBXBuildFile; fileRef = DBA2565996F07F4B9FDC6E0A /* Pipeline.swift */; };
		28B5C7A32E044A362EC89E47 /* Pods_iOS_Pipeline.framework in Frameworks */ = {isa = PBXBuildFile; fileRef = 0BA361A63973BB4C7C2F76F7 /* Pods_iOS_Pipeline.framework */; };
		2B4F7F6871841D496C99B26A /* iOS-Pipeline.swift in Sources */ = {isa = PBXBuildFile; fileRef = 4D06C4254B3556BC68FD2BB7 /* iOS-Pipeline.swift */; };
		3BAA0641895EADD755BDF39D /* Foundation.framework in Frameworks */ = {isa = PBXBuildFile; fileRef = F22658FA8BCFC956CE4A31A2 /* Foundation.framework */; };
		3D491090709A082158865134 /* Cocoa.framework in Frameworks */ = {isa = PBXBuildFile; fileRef = 710D44B081881A695877E6D8 /* Cocoa.framework */; };
		3F6DC7CEDFCBB86777E18C6B /* iOS-PipelineTests.swift in Sources */ = {isa = PBXBuildFile; fileRef = F507DA3E74F762518BC3529D /* iOS-PipelineTests.swift */; };
		43A9A131FA1D363F26A9E4F0 /* Errors.swift in Sources */ = {isa = PBXBuildFile; fileRef = CF4B1ED0C19AAF306712FFF7 /* Errors.swift */; };
		441303783DB9E68AB87C4B09 /* Pods_macOS_Pipeline.framework in Frameworks */ = {isa = PBXBuildFile; fileRef = 0F28E833A64D0B563BB63258 /* Pods_macOS_Pipeline.framework */; };
		732371C7621FA88544116BD5 /* PipelineTests.swift in Sources */ = {isa = PBXBuildFile; fileRef = 3D9257249BA5D49A30E50499 /* PipelineTests.swift */; };
		7891114443DF103B2CFDF623 /* tvOS-Pipeline.swift in Sources */ = {isa = PBXBuildFile; fileRef = 1B59A9368C311D39F0D1DA1E /* tvOS-Pipeline.swift */; };
		7C954E225F83F5F43551A5F1 /* Errors.swift in Sources */ = {isa = PBXBuildFile; fileRef = 2DDF2F6995D90104D71A4605 /* Errors.swift */; };
		8C41D63270C46A7476541AE6 /* PipelineTests.swift in Sources */ = {isa = PBXBuildFile; fileRef = C4DFF2F36223AD8651A2C24A /* PipelineTests.swift */; };
		9C1D7E2393641325C45F50FE /* Foundation.framework in Frameworks */ = {isa = PBXBuildFile; fileRef = 49A22D84A89A3595961A910A /* Foundation.framework */; };
		C4C2EA208F66932BAC4B9D79 /* Pods_tvOS_Pipeline.framework in Frameworks */ = {isa = PBXBuildFile; fileRef = F7890F8110A2852632497DA9 /* Pods_tvOS_Pipeline.framework */; };
		C51B7BCE07482EE4020D12B6 /* Errors.swift in Sources */ = {isa = PBXBuildFile; fileRef = 200165298DFE28D3BBF4A517 /* Errors.swift */; };
		C5FE929AE5C2EF3BA41E6342 /* tvOS-PipelineTests.swift in Sources */ = {isa = PBXBuildFile; fileRef = DA932F88E4D3A6FA60262A52 /* tvOS-PipelineTests.swift */; };
		E5ACE226ABE4C3DFA62B4BA6 /* Pipeline.swift in Sources */ = {isa = PBXBuildFile; fileRef = 964003E3A97F5F7422D2F173 /* Pipeline.swift */; };
		E6CF4F79A24113A49CF6AF16 /* Pipeline.swift in Sources */ = {isa = PBXBuildFile; fileRef = DD63324B6DE6B1A88FDB153D /* Pipeline.swift */; };
		ED8406FB8CCCB91B41FA51E3 /* macOS-PipelineTests.swift in Sources */ = {isa = PBXBuildFile; fileRef = 8A06F40774502A7BD9AC9B0C /* macOS-PipelineTests.swift */; };
		ED95A0F83B5747C746D3445F /* PipelineTests.swift in Sources */ = {isa = PBXBuildFile; fileRef = 20D1BDF3F5F011489977B4BB /* PipelineTests.swift */; };
		EF7BF2D9A57C382E375A0B30 /* Pipeline.swift in Sources */ = {isa = PBXBuildFile; fileRef = 19BA19E7C73F93FF0BE8DFF7 /* Pipeline.swift */; };
		F6842A2872425D414199D015 /* Foundation.framework in Frameworks */ = {isa = PBXBuildFile; fileRef = 49A22D84A89A3595961A910A /* Foundation.framework */; };
/* End PBXBuildFile section */

/* Begin PBXCopyFilesBuildPhase section */
		1F5F640411DF1360ABFA3CF5 /* Embed Frameworks */ = {
			isa = PBXCopyFilesBuildPhase;
			buildActionMask = 2147483647;
			dstPath = "";
			dstSubfolderSpec = 10;
			files = (
			);
			name = "Embed Frameworks";
			runOnlyForDeploymentPostprocessing = 0;
		};
		28117A1358F7B2F9E257F15E /* Embed Frameworks */ = {
			isa = PBXCopyFilesBuildPhase;
			buildActionMask = 2147483647;
			dstPath = "";
			dstSubfolderSpec = 10;
			files = (
			);
			name = "Embed Frameworks";
			runOnlyForDeploymentPostprocessing = 0;
		};
		B07C75195B8B05B6D8B75440 /* Embed Frameworks */ = {
			isa = PBXCopyFilesBuildPhase;
			buildActionMask = 2147483647;
			dstPath = "";
			dstSubfolderSpec = 10;
			files = (
			);
			name = "Embed Frameworks";
			runOnlyForDeploymentPostprocessing = 0;
		};
		B6B2033A828C2ABDC00D5222 /* Embed Frameworks */ = {
			isa = PBXCopyFilesBuildPhase;
			buildActionMask = 2147483647;
			dstPath = "";
			dstSubfolderSpec = 10;
			files = (
			);
			name = "Embed Frameworks";
			runOnlyForDeploymentPostprocessing = 0;
		};
		BE10655A8D09D9C132F5ADCD /* Embed Frameworks */ = {
			isa = PBXCopyFilesBuildPhase;
			buildActionMask = 2147483647;
			dstPath = "";
			dstSubfolderSpec = 10;
			files = (
			);
			name = "Embed Frameworks";
			runOnlyForDeploymentPostprocessing = 0;
		};
		C7306465C2F4870622D67604 /* Embed Frameworks */ = {
			isa = PBXCopyFilesBuildPhase;
			buildActionMask = 2147483647;
			dstPath = "";
			dstSubfolderSpec = 10;
			files = (
			);
			name = "Embed Frameworks";
			runOnlyForDeploymentPostprocessing = 0;
		};
		D8DFAEF430CEE05407D0DC31 /* Embed Frameworks */ = {
			isa = PBXCopyFilesBuildPhase;
			buildActionMask = 2147483647;
			dstPath = "";
			dstSubfolderSpec = 10;
			files = (
			);
			name = "Embed Frameworks";
			runOnlyForDeploymentPostprocessing = 0;
		};
/* End PBXCopyFilesBuildPhase section */

/* Begin PBXFileReference section */
		02F7F8BB76CA92CE84488514 /* Errors.swift */ = {isa = PBXFileReference; includeInIndex = 1; lastKnownFileType = sourcecode.swift; path = Errors.swift; sourceTree = "<group>"; };
		0BA361A63973BB4C7C2F76F7 /* Pods_iOS_Pipeline.framework */ = {isa = PBXFileReference; explicitFileType = wrapper.framework; includeInIndex = 0; path = Pods_iOS_Pipeline.framework; sourceTree = BUILT_PRODUCTS_DIR; };
		0F28E833A64D0B563BB63258 /* Pods_macOS_Pipeline.framework */ = {isa = PBXFileReference; explicitFileType = wrapper.framework; includeInIndex = 0; path = Pods_macOS_Pipeline.framework; sourceTree = BUILT_PRODUCTS_DIR; };
		1152394C4C7C6E6D39F79583 /* Pods-watchOS-Pipeline.release.xcconfig */ = {isa = PBXFileReference; includeInIndex = 1; lastKnownFileType = text.xcconfig; name = "Pods-watchOS-Pipeline.release.xcconfig"; path = "Pods/Target Support Files/Pods-watchOS-Pipeline/Pods-watchOS-Pipeline.release.xcconfig"; sourceTree = "<group>"; };
		19BA19E7C73F93FF0BE8DFF7 /* Pipeline.swift */ = {isa = PBXFileReference; includeInIndex = 1; lastKnownFileType = sourcecode.swift; path = Pipeline.swift; sourceTree = "<group>"; };
		1B59A9368C311D39F0D1DA1E /* tvOS-Pipeline.swift */ = {isa = PBXFileReference; includeInIndex = 1; lastKnownFileType = sourcecode.swift; path = "tvOS-Pipeline.swift"; sourceTree = "<group>"; };
		200165298DFE28D3BBF4A517 /* Errors.swift */ = {isa = PBXFileReference; includeInIndex = 1; lastKnownFileType = sourcecode.swift; path = Errors.swift; sourceTree = "<group>"; };
		20D1BDF3F5F011489977B4BB /* PipelineTests.swift */ = {isa = PBXFileReference; includeInIndex = 1; lastKnownFileType = sourcecode.swift; path = PipelineTests.swift; sourceTree = "<group>"; };
		2DDF2F6995D90104D71A4605 /* Errors.swift */ = {isa = PBXFileReference; includeInIndex = 1; lastKnownFileType = sourcecode.swift; path = Errors.swift; sourceTree = "<group>"; };
		30D115AFC7BD26C7A1D93EEB /* Foundation.framework */ = {isa = PBXFileReference; lastKnownFileType = wrapper.framework; name = Foundation.framework; path = Platforms/WatchOS.platform/Developer/SDKs/WatchOS3.2.sdk/System/Library/Frameworks/Foundation.framework; sourceTree = DEVELOPER_DIR; };
		37AAF3BF941C1715F6B3985A /* macOS-PipelineTests.xctest */ = {isa = PBXFileReference; explicitFileType = wrapper.cfbundle; includeInIndex = 0; path = "macOS-PipelineTests.xctest"; sourceTree = BUILT_PRODUCTS_DIR; };
		3D9257249BA5D49A30E50499 /* PipelineTests.swift */ = {isa = PBXFileReference; includeInIndex = 1; lastKnownFileType = sourcecode.swift; path = PipelineTests.swift; sourceTree = "<group>"; };
		4306E948F36A7834691DA015 /* Pods-iOS-Pipeline.release.xcconfig */ = {isa = PBXFileReference; includeInIndex = 1; lastKnownFileType = text.xcconfig; name = "Pods-iOS-Pipeline.release.xcconfig"; path = "Pods/Target Support Files/Pods-iOS-Pipeline/Pods-iOS-Pipeline.release.xcconfig"; sourceTree = "<group>"; };
		49A22D84A89A3595961A910A /* Foundation.framework */ = {isa = PBXFileReference; lastKnownFileType = wrapper.framework; name = Foundation.framework; path = Platforms/AppleTVOS.platform/Developer/SDKs/AppleTVOS10.2.sdk/System/Library/Frameworks/Foundation.framework; sourceTree = DEVELOPER_DIR; };
		4D06C4254B3556BC68FD2BB7 /* iOS-Pipeline.swift */ = {isa = PBXFileReference; includeInIndex = 1; lastKnownFileType = sourcecode.swift; path = "iOS-Pipeline.swift"; sourceTree = "<group>"; };
		5514E6953D3912DEAE87EC1D /* watchOS-Pipeline.framework */ = {isa = PBXFileReference; explicitFileType = wrapper.framework; includeInIndex = 0; path = "watchOS-Pipeline.framework"; sourceTree = BUILT_PRODUCTS_DIR; };
		710D44B081881A695877E6D8 /* Cocoa.framework */ = {isa = PBXFileReference; lastKnownFileType = wrapper.framework; name = Cocoa.framework; path = Platforms/MacOSX.platform/Developer/SDKs/MacOSX10.12.sdk/System/Library/Frameworks/Cocoa.framework; sourceTree = DEVELOPER_DIR; };
		79E176A92859EE9F2D756620 /* Pods-macOS-Pipeline.release.xcconfig */ = {isa = PBXFileReference; includeInIndex = 1; lastKnownFileType = text.xcconfig; name = "Pods-macOS-Pipeline.release.xcconfig"; path = "Pods/Target Support Files/Pods-macOS-Pipeline/Pods-macOS-Pipeline.release.xcconfig"; sourceTree = "<group>"; };
		876441D0D7C1A3417CF27970 /* Pods-watchOS-Pipeline.debug.xcconfig */ = {isa = PBXFileReference; includeInIndex = 1; lastKnownFileType = text.xcconfig; name = "Pods-watchOS-Pipeline.debug.xcconfig"; path = "Pods/Target Support Files/Pods-watchOS-Pipeline/Pods-watchOS-Pipeline.debug.xcconfig"; sourceTree = "<group>"; };
		8A06F40774502A7BD9AC9B0C /* macOS-PipelineTests.swift */ = {isa = PBXFileReference; includeInIndex = 1; lastKnownFileType = sourcecode.swift; path = "macOS-PipelineTests.swift"; sourceTree = "<group>"; };
		90EAE2F02F357E771CA6B64A /* Pods_watchOS_Pipeline.framework */ = {isa = PBXFileReference; explicitFileType = wrapper.framework; includeInIndex = 0; path = Pods_watchOS_Pipeline.framework; sourceTree = BUILT_PRODUCTS_DIR; };
		94AA1599AEA42FB3BE63F6BE /* Pods-macOS-Pipeline.debug.xcconfig */ = {isa = PBXFileReference; includeInIndex = 1; lastKnownFileType = text.xcconfig; name = "Pods-macOS-Pipeline.debug.xcconfig"; path = "Pods/Target Support Files/Pods-macOS-Pipeline/Pods-macOS-Pipeline.debug.xcconfig"; sourceTree = "<group>"; };
		9560CF1386B2432E45988442 /* watchOS-Pipeline.swift */ = {isa = PBXFileReference; includeInIndex = 1; lastKnownFileType = sourcecode.swift; path = "watchOS-Pipeline.swift"; sourceTree = "<group>"; };
		964003E3A97F5F7422D2F173 /* Pipeline.swift */ = {isa = PBXFileReference; includeInIndex = 1; lastKnownFileType = sourcecode.swift; path = Pipeline.swift; sourceTree = "<group>"; };
		A09B2ECCF98B350C739CEEDF /* iOS-PipelineTests.xctest */ = {isa = PBXFileReference; explicitFileType = wrapper.cfbundle; includeInIndex = 0; path = "iOS-PipelineTests.xctest"; sourceTree = BUILT_PRODUCTS_DIR; };
		A64AF9395F7855085796CD29 /* tvOS-PipelineTests.xctest */ = {isa = PBXFileReference; explicitFileType = wrapper.cfbundle; includeInIndex = 0; path = "tvOS-PipelineTests.xctest"; sourceTree = BUILT_PRODUCTS_DIR; };
		ACFEFD6A3B292DE0309C87DB /* macOS-Pipeline.swift */ = {isa = PBXFileReference; includeInIndex = 1; lastKnownFileType = sourcecode.swift; path = "macOS-Pipeline.swift"; sourceTree = "<group>"; };
		BA07517874D6265296641707 /* macOS-Pipeline.framework */ = {isa = PBXFileReference; explicitFileType = wrapper.framework; includeInIndex = 0; path = "macOS-Pipeline.framework"; sourceTree = BUILT_PRODUCTS_DIR; };
		C4DFF2F36223AD8651A2C24A /* PipelineTests.swift */ = {isa = PBXFileReference; includeInIndex = 1; lastKnownFileType = sourcecode.swift; path = PipelineTests.swift; sourceTree = "<group>"; };
		CF4B1ED0C19AAF306712FFF7 /* Errors.swift */ = {isa = PBXFileReference; includeInIndex = 1; lastKnownFileType = sourcecode.swift; path = Errors.swift; sourceTree = "<group>"; };
		D0887E038235C880959AC455 /* tvOS-Pipeline.framework */ = {isa = PBXFileReference; explicitFileType = wrapper.framework; includeInIndex = 0; path = "tvOS-Pipeline.framework"; sourceTree = BUILT_PRODUCTS_DIR; };
		D9DAB81C711CAA5D8EEC1817 /* Pods-tvOS-Pipeline.debug.xcconfig */ = {isa = PBXFileReference; includeInIndex = 1; lastKnownFileType = text.xcconfig; name = "Pods-tvOS-Pipeline.debug.xcconfig"; path = "Pods/Target Support Files/Pods-tvOS-Pipeline/Pods-tvOS-Pipeline.debug.xcconfig"; sourceTree = "<group>"; };
		DA932F88E4D3A6FA60262A52 /* tvOS-PipelineTests.swift */ = {isa = PBXFileReference; includeInIndex = 1; lastKnownFileType = sourcecode.swift; path = "tvOS-PipelineTests.swift"; sourceTree = "<group>"; };
		DBA2565996F07F4B9FDC6E0A /* Pipeline.swift */ = {isa = PBXFileReference; includeInIndex = 1; lastKnownFileType = sourcecode.swift; path = Pipeline.swift; sourceTree = "<group>"; };
		DD63324B6DE6B1A88FDB153D /* Pipeline.swift */ = {isa = PBXFileReference; includeInIndex = 1; lastKnownFileType = sourcecode.swift; path = Pipeline.swift; sourceTree = "<group>"; };
		E36C79B183AE7862003D7098 /* Pods-iOS-Pipeline.debug.xcconfig */ = {isa = PBXFileReference; includeInIndex = 1; lastKnownFileType = text.xcconfig; name = "Pods-iOS-Pipeline.debug.xcconfig"; path = "Pods/Target Support Files/Pods-iOS-Pipeline/Pods-iOS-Pipeline.debug.xcconfig"; sourceTree = "<group>"; };
		EA6E6B79A7F2D1492AC57B39 /* iOS-Pipeline.framework */ = {isa = PBXFileReference; explicitFileType = wrapper.framework; includeInIndex = 0; path = "iOS-Pipeline.framework"; sourceTree = BUILT_PRODUCTS_DIR; };
		F22658FA8BCFC956CE4A31A2 /* Foundation.framework */ = {isa = PBXFileReference; lastKnownFileType = wrapper.framework; name = Foundation.framework; path = Platforms/iPhoneOS.platform/Developer/SDKs/iPhoneOS10.3.sdk/System/Library/Frameworks/Foundation.framework; sourceTree = DEVELOPER_DIR; };
		F4AFE8B5812B9C3833E4EFBD /* Pods-tvOS-Pipeline.release.xcconfig */ = {isa = PBXFileReference; includeInIndex = 1; lastKnownFileType = text.xcconfig; name = "Pods-tvOS-Pipeline.release.xcconfig"; path = "Pods/Target Support Files/Pods-tvOS-Pipeline/Pods-tvOS-Pipeline.release.xcconfig"; sourceTree = "<group>"; };
		F507DA3E74F762518BC3529D /* iOS-PipelineTests.swift */ = {isa = PBXFileReference; includeInIndex = 1; lastKnownFileType = sourcecode.swift; path = "iOS-PipelineTests.swift"; sourceTree = "<group>"; };
		F7890F8110A2852632497DA9 /* Pods_tvOS_Pipeline.framework */ = {isa = PBXFileReference; explicitFileType = wrapper.framework; includeInIndex = 0; path = Pods_tvOS_Pipeline.framework; sourceTree = BUILT_PRODUCTS_DIR; };
/* End PBXFileReference section */

/* Begin PBXFrameworksBuildPhase section */
		1879F593EA13E6ADE2D31DC2 /* Frameworks */ = {
			isa = PBXFrameworksBuildPhase;
			buildActionMask = 2147483647;
			files = (
				F6842A2872425D414199D015 /* Foundation.framework in Frameworks */,
			);
			runOnlyForDeploymentPostprocessing = 0;
		};
		5347EBE5B002A7E2FBBC2390 /* Frameworks */ = {
			isa = PBXFrameworksBuildPhase;
			buildActionMask = 2147483647;
			files = (
				9C1D7E2393641325C45F50FE /* Foundation.framework in Frameworks */,
				C4C2EA208F66932BAC4B9D79 /* Pods_tvOS_Pipeline.framework in Frameworks */,
			);
			runOnlyForDeploymentPostprocessing = 0;
		};
		7063B8705628B4DED5C962F9 /* Frameworks */ = {
			isa = PBXFrameworksBuildPhase;
			buildActionMask = 2147483647;
			files = (
				036DECBCDC685B8BFFDA8861 /* Foundation.framework in Frameworks */,
				24E3FA6A420E9B1FF1861594 /* Pods_watchOS_Pipeline.framework in Frameworks */,
			);
			runOnlyForDeploymentPostprocessing = 0;
		};
		C547CD615F49D0D92281121C /* Frameworks */ = {
			isa = PBXFrameworksBuildPhase;
			buildActionMask = 2147483647;
			files = (
				23A7FF9038FECFE0769CBB6E /* Cocoa.framework in Frameworks */,
				441303783DB9E68AB87C4B09 /* Pods_macOS_Pipeline.framework in Frameworks */,
			);
			runOnlyForDeploymentPostprocessing = 0;
		};
		D8627CE5788264A8C9137F42 /* Frameworks */ = {
			isa = PBXFrameworksBuildPhase;
			buildActionMask = 2147483647;
			files = (
				3BAA0641895EADD755BDF39D /* Foundation.framework in Frameworks */,
				28B5C7A32E044A362EC89E47 /* Pods_iOS_Pipeline.framework in Frameworks */,
			);
			runOnlyForDeploymentPostprocessing = 0;
		};
		D97D5B60B90D000B76AA913E /* Frameworks */ = {
			isa = PBXFrameworksBuildPhase;
			buildActionMask = 2147483647;
			files = (
				3D491090709A082158865134 /* Cocoa.framework in Frameworks */,
			);
			runOnlyForDeploymentPostprocessing = 0;
		};
		F86671482FC14BBB8451B35C /* Frameworks */ = {
			isa = PBXFrameworksBuildPhase;
			buildActionMask = 2147483647;
			files = (
				205D629F31003786DD364180 /* Foundation.framework in Frameworks */,
			);
			runOnlyForDeploymentPostprocessing = 0;
		};
/* End PBXFrameworksBuildPhase section */

/* Begin PBXGroup section */
		13749609EAA31FD8A8845521 /* Common */ = {
			isa = PBXGroup;
			children = (
				20D1BDF3F5F011489977B4BB /* PipelineTests.swift */,
				3D9257249BA5D49A30E50499 /* PipelineTests.swift */,
				C4DFF2F36223AD8651A2C24A /* PipelineTests.swift */,
			);
			name = Common;
			path = Common;
			sourceTree = "<group>";
		};
		15E8866868A610FBE9B2C76D /* Pipeline */ = {
			isa = PBXGroup;
			children = (
				91AC0AB2932DA5251FC9D44D /* Common */,
				B431240BF2E5994018B63E66 /* iOS */,
				5167C0741F690AA538563727 /* macOS */,
				B51E63F5EB04C248E1DE66B9 /* tvOS */,
				4A5E06301BB640691C6ADA7A /* watchOS */,
			);
			name = Pipeline;
			path = Pipeline;
			sourceTree = "<group>";
		};
		341299CBF03CBB669E3A0256 /* PipelineTests */ = {
			isa = PBXGroup;
			children = (
				13749609EAA31FD8A8845521 /* Common */,
				5DB8C68598071764F994AC19 /* iOS */,
				AD3B2FA347ECD0F959788834 /* macOS */,
				3A02232A45E075A3ED68DA2B /* tvOS */,
			);
			name = PipelineTests;
			path = PipelineTests;
			sourceTree = "<group>";
		};
		3A02232A45E075A3ED68DA2B /* tvOS */ = {
			isa = PBXGroup;
			children = (
				DA932F88E4D3A6FA60262A52 /* tvOS-PipelineTests.swift */,
			);
			name = tvOS;
			path = tvOS;
			sourceTree = "<group>";
		};
		4A11210BC1D3211FC2177155 /* watchOS */ = {
			isa = PBXGroup;
			children = (
				30D115AFC7BD26C7A1D93EEB /* Foundation.framework */,
			);
			name = watchOS;
			sourceTree = "<group>";
		};
		4A5E06301BB640691C6ADA7A /* watchOS */ = {
			isa = PBXGroup;
			children = (
				9560CF1386B2432E45988442 /* watchOS-Pipeline.swift */,
			);
			name = watchOS;
			path = watchOS;
			sourceTree = "<group>";
		};
		4E1EB65435D55575DFD2107F = {
			isa = PBXGroup;
			children = (
				E11A7D964780BBDD11DEA688 /* Frameworks */,
				5B746A10F25373C234A5DC82 /* Pods */,
				666E96BC4C567D92568EEDEA /* Products */,
				688630F05784825F565E938D /* Sources */,
			);
			sourceTree = "<group>";
		};
		5167C0741F690AA538563727 /* macOS */ = {
			isa = PBXGroup;
			children = (
				ACFEFD6A3B292DE0309C87DB /* macOS-Pipeline.swift */,
			);
			name = macOS;
			path = macOS;
			sourceTree = "<group>";
		};
		5B746A10F25373C234A5DC82 /* Pods */ = {
			isa = PBXGroup;
			children = (
				E36C79B183AE7862003D7098 /* Pods-iOS-Pipeline.debug.xcconfig */,
				4306E948F36A7834691DA015 /* Pods-iOS-Pipeline.release.xcconfig */,
				94AA1599AEA42FB3BE63F6BE /* Pods-macOS-Pipeline.debug.xcconfig */,
				79E176A92859EE9F2D756620 /* Pods-macOS-Pipeline.release.xcconfig */,
				D9DAB81C711CAA5D8EEC1817 /* Pods-tvOS-Pipeline.debug.xcconfig */,
				F4AFE8B5812B9C3833E4EFBD /* Pods-tvOS-Pipeline.release.xcconfig */,
				876441D0D7C1A3417CF27970 /* Pods-watchOS-Pipeline.debug.xcconfig */,
				1152394C4C7C6E6D39F79583 /* Pods-watchOS-Pipeline.release.xcconfig */,
			);
			name = Pods;
			sourceTree = "<group>";
		};
		5DB8C68598071764F994AC19 /* iOS */ = {
			isa = PBXGroup;
			children = (
				F507DA3E74F762518BC3529D /* iOS-PipelineTests.swift */,
			);
			name = iOS;
			path = iOS;
			sourceTree = "<group>";
		};
		666E96BC4C567D92568EEDEA /* Products */ = {
			isa = PBXGroup;
			children = (
				EA6E6B79A7F2D1492AC57B39 /* iOS-Pipeline.framework */,
				A09B2ECCF98B350C739CEEDF /* iOS-PipelineTests.xctest */,
				BA07517874D6265296641707 /* macOS-Pipeline.framework */,
				37AAF3BF941C1715F6B3985A /* macOS-PipelineTests.xctest */,
				D0887E038235C880959AC455 /* tvOS-Pipeline.framework */,
				A64AF9395F7855085796CD29 /* tvOS-PipelineTests.xctest */,
				5514E6953D3912DEAE87EC1D /* watchOS-Pipeline.framework */,
			);
			name = Products;
			sourceTree = "<group>";
		};
		688630F05784825F565E938D /* Sources */ = {
			isa = PBXGroup;
			children = (
				15E8866868A610FBE9B2C76D /* Pipeline */,
				341299CBF03CBB669E3A0256 /* PipelineTests */,
			);
			name = Sources;
			path = Sources;
			sourceTree = SOURCE_ROOT;
		};
		6CE11CA9325437CEBC60662E /* tvOS */ = {
			isa = PBXGroup;
			children = (
				49A22D84A89A3595961A910A /* Foundation.framework */,
			);
			name = tvOS;
			sourceTree = "<group>";
		};
		91AC0AB2932DA5251FC9D44D /* Common */ = {
			isa = PBXGroup;
			children = (
				2DDF2F6995D90104D71A4605 /* Errors.swift */,
				200165298DFE28D3BBF4A517 /* Errors.swift */,
				CF4B1ED0C19AAF306712FFF7 /* Errors.swift */,
				02F7F8BB76CA92CE84488514 /* Errors.swift */,
				DD63324B6DE6B1A88FDB153D /* Pipeline.swift */,
				DBA2565996F07F4B9FDC6E0A /* Pipeline.swift */,
				964003E3A97F5F7422D2F173 /* Pipeline.swift */,
				19BA19E7C73F93FF0BE8DFF7 /* Pipeline.swift */,
			);
			name = Common;
			path = Common;
			sourceTree = "<group>";
		};
		A9B1CC834180573AFA84A1DA /* OS X */ = {
			isa = PBXGroup;
			children = (
				710D44B081881A695877E6D8 /* Cocoa.framework */,
			);
			name = "OS X";
			sourceTree = "<group>";
		};
		AD3B2FA347ECD0F959788834 /* macOS */ = {
			isa = PBXGroup;
			children = (
				8A06F40774502A7BD9AC9B0C /* macOS-PipelineTests.swift */,
			);
			name = macOS;
			path = macOS;
			sourceTree = "<group>";
		};
		B431240BF2E5994018B63E66 /* iOS */ = {
			isa = PBXGroup;
			children = (
				4D06C4254B3556BC68FD2BB7 /* iOS-Pipeline.swift */,
			);
			name = iOS;
			path = iOS;
			sourceTree = "<group>";
		};
		B51E63F5EB04C248E1DE66B9 /* tvOS */ = {
			isa = PBXGroup;
			children = (
				1B59A9368C311D39F0D1DA1E /* tvOS-Pipeline.swift */,
			);
			name = tvOS;
			path = tvOS;
			sourceTree = "<group>";
		};
		B577BDACD89B6D4F3F0B6FC1 /* iOS */ = {
			isa = PBXGroup;
			children = (
				F22658FA8BCFC956CE4A31A2 /* Foundation.framework */,
			);
			name = iOS;
			sourceTree = "<group>";
		};
		D3D8B0BD0ABAB84CC35D6089 /* $local */ = {
			isa = PBXGroup;
			children = (
			);
			name = "$local";
			sourceTree = "<group>";
		};
		E11A7D964780BBDD11DEA688 /* Frameworks */ = {
			isa = PBXGroup;
			children = (
				D3D8B0BD0ABAB84CC35D6089 /* $local */,
				B577BDACD89B6D4F3F0B6FC1 /* iOS */,
				A9B1CC834180573AFA84A1DA /* OS X */,
				0BA361A63973BB4C7C2F76F7 /* Pods_iOS_Pipeline.framework */,
				0F28E833A64D0B563BB63258 /* Pods_macOS_Pipeline.framework */,
				F7890F8110A2852632497DA9 /* Pods_tvOS_Pipeline.framework */,
				90EAE2F02F357E771CA6B64A /* Pods_watchOS_Pipeline.framework */,
				6CE11CA9325437CEBC60662E /* tvOS */,
				4A11210BC1D3211FC2177155 /* watchOS */,
			);
			name = Frameworks;
			sourceTree = "<group>";
		};
/* End PBXGroup section */

/* Begin PBXNativeTarget section */
		1EA12B9FCCE422FAD2F3033B /* iOS-PipelineTests */ = {
			isa = PBXNativeTarget;
			buildConfigurationList = FE852F422057497BA8972687 /* Build configuration list for PBXNativeTarget "iOS-PipelineTests" */;
			buildPhases = (
				A971D607FAD9D08121E8DA1F /* Sources */,
				F86671482FC14BBB8451B35C /* Frameworks */,
				28117A1358F7B2F9E257F15E /* Embed Frameworks */,
			);
			buildRules = (
			);
			dependencies = (
			);
			name = "iOS-PipelineTests";
			productName = "iOS-PipelineTests";
			productReference = A09B2ECCF98B350C739CEEDF /* iOS-PipelineTests.xctest */;
			productType = "com.apple.product-type.bundle.unit-test";
		};
		3D7F031DB98B223B91AAB668 /* iOS-Pipeline */ = {
			isa = PBXNativeTarget;
			buildConfigurationList = B8FCEA0BAF65A0D503AD27A5 /* Build configuration list for PBXNativeTarget "iOS-Pipeline" */;
			buildPhases = (
				233B1E4E95B36CF95E954AC6 /* [CP] Check Pods Manifest.lock */,
				D77A3725076FF8ABC28975B7 /* Sources */,
				D8627CE5788264A8C9137F42 /* Frameworks */,
				B6B2033A828C2ABDC00D5222 /* Embed Frameworks */,
			);
			buildRules = (
			);
			dependencies = (
			);
			name = "iOS-Pipeline";
			productName = "iOS-Pipeline";
			productReference = EA6E6B79A7F2D1492AC57B39 /* iOS-Pipeline.framework */;
			productType = "com.apple.product-type.framework";
		};
		7EA4873894C915F862ABD578 /* watchOS-Pipeline */ = {
			isa = PBXNativeTarget;
			buildConfigurationList = 62464A742898BB7FFDCE9535 /* Build configuration list for PBXNativeTarget "watchOS-Pipeline" */;
			buildPhases = (
				77DA0FE47AB6E79497892F71 /* [CP] Check Pods Manifest.lock */,
				6503F24F2C1679D50007746D /* Sources */,
				7063B8705628B4DED5C962F9 /* Frameworks */,
				1F5F640411DF1360ABFA3CF5 /* Embed Frameworks */,
			);
			buildRules = (
			);
			dependencies = (
			);
			name = "watchOS-Pipeline";
			productName = "watchOS-Pipeline";
			productReference = 5514E6953D3912DEAE87EC1D /* watchOS-Pipeline.framework */;
			productType = "com.apple.product-type.framework";
		};
		BF250FCEF70E75135524852B /* tvOS-PipelineTests */ = {
			isa = PBXNativeTarget;
			buildConfigurationList = 4AEF5960C3247AB6421F2D4E /* Build configuration list for PBXNativeTarget "tvOS-PipelineTests" */;
			buildPhases = (
				477C6CE8264E4C7962A7004A /* Sources */,
				1879F593EA13E6ADE2D31DC2 /* Frameworks */,
				D8DFAEF430CEE05407D0DC31 /* Embed Frameworks */,
			);
			buildRules = (
			);
			dependencies = (
			);
			name = "tvOS-PipelineTests";
			productName = "tvOS-PipelineTests";
			productReference = A64AF9395F7855085796CD29 /* tvOS-PipelineTests.xctest */;
			productType = "com.apple.product-type.bundle.unit-test";
		};
		CD3CE381E440AA792AC3F31A /* macOS-PipelineTests */ = {
			isa = PBXNativeTarget;
			buildConfigurationList = FB47639D61BCBE63F89B851C /* Build configuration list for PBXNativeTarget "macOS-PipelineTests" */;
			buildPhases = (
				F1EAD68E6121ECFF1C572137 /* Sources */,
				D97D5B60B90D000B76AA913E /* Frameworks */,
				C7306465C2F4870622D67604 /* Embed Frameworks */,
			);
			buildRules = (
			);
			dependencies = (
			);
			name = "macOS-PipelineTests";
			productName = "macOS-PipelineTests";
			productReference = 37AAF3BF941C1715F6B3985A /* macOS-PipelineTests.xctest */;
			productType = "com.apple.product-type.bundle.unit-test";
		};
		D8500E1F210C044615CB5CF0 /* tvOS-Pipeline */ = {
			isa = PBXNativeTarget;
			buildConfigurationList = 4C7199DE7BB4AAFAEFBBF42B /* Build configuration list for PBXNativeTarget "tvOS-Pipeline" */;
			buildPhases = (
				BA5B051F833CA3E2CE2C927B /* [CP] Check Pods Manifest.lock */,
				C3D389DE8726BA4AB49A8F7D /* Sources */,
				5347EBE5B002A7E2FBBC2390 /* Frameworks */,
				B07C75195B8B05B6D8B75440 /* Embed Frameworks */,
			);
			buildRules = (
			);
			dependencies = (
			);
			name = "tvOS-Pipeline";
			productName = "tvOS-Pipeline";
			productReference = D0887E038235C880959AC455 /* tvOS-Pipeline.framework */;
			productType = "com.apple.product-type.framework";
		};
		EDD1D7E3EAA8B0549D6658DF /* macOS-Pipeline */ = {
			isa = PBXNativeTarget;
			buildConfigurationList = 1DFC2E584D1B3C03C8490CD0 /* Build configuration list for PBXNativeTarget "macOS-Pipeline" */;
			buildPhases = (
				AE0CB1D09A19B1F1407728DF /* [CP] Check Pods Manifest.lock */,
				7B4AD08235716A54E9767AAC /* Sources */,
				C547CD615F49D0D92281121C /* Frameworks */,
				BE10655A8D09D9C132F5ADCD /* Embed Frameworks */,
			);
			buildRules = (
			);
			dependencies = (
			);
			name = "macOS-Pipeline";
			productName = "macOS-Pipeline";
			productReference = BA07517874D6265296641707 /* macOS-Pipeline.framework */;
			productType = "com.apple.product-type.framework";
		};
/* End PBXNativeTarget section */

/* Begin PBXProject section */
		9E1E7C0CE35DFA3E856A2B2B /* Project object */ = {
			isa = PBXProject;
			attributes = {
				LastSwiftUpdateCheck = 0830;
				LastUpgradeCheck = 0700;
				Struct.Version = 2.1.0;
			};
			buildConfigurationList = D4DEECDCED3D23E93FF715AA /* Build configuration list for PBXProject "Pipeline" */;
			compatibilityVersion = "Xcode 3.2";
			developmentRegion = English;
			hasScannedForEncodings = 0;
			knownRegions = (
				en,
			);
			mainGroup = 4E1EB65435D55575DFD2107F;
			productRefGroup = 666E96BC4C567D92568EEDEA /* Products */;
			projectDirPath = "";
			projectRoot = "";
			targets = (
				3D7F031DB98B223B91AAB668 /* iOS-Pipeline */,
				1EA12B9FCCE422FAD2F3033B /* iOS-PipelineTests */,
				EDD1D7E3EAA8B0549D6658DF /* macOS-Pipeline */,
				CD3CE381E440AA792AC3F31A /* macOS-PipelineTests */,
				D8500E1F210C044615CB5CF0 /* tvOS-Pipeline */,
				BF250FCEF70E75135524852B /* tvOS-PipelineTests */,
				7EA4873894C915F862ABD578 /* watchOS-Pipeline */,
			);
		};
/* End PBXProject section */

/* Begin PBXShellScriptBuildPhase section */
		233B1E4E95B36CF95E954AC6 /* [CP] Check Pods Manifest.lock */ = {
			isa = PBXShellScriptBuildPhase;
			buildActionMask = 2147483647;
			files = (
			);
			inputPaths = (
				"${PODS_PODFILE_DIR_PATH}/Podfile.lock",
				"${PODS_ROOT}/Manifest.lock",
			);
			name = "[CP] Check Pods Manifest.lock";
			outputPaths = (
				"$(DERIVED_FILE_DIR)/Pods-iOS-Pipeline-checkManifestLockResult.txt",
			);
			runOnlyForDeploymentPostprocessing = 0;
			shellPath = /bin/sh;
			shellScript = "diff \"${PODS_PODFILE_DIR_PATH}/Podfile.lock\" \"${PODS_ROOT}/Manifest.lock\" > /dev/null\nif [ $? != 0 ] ; then\n    # print error to STDERR\n    echo \"error: The sandbox is not in sync with the Podfile.lock. Run 'pod install' or update your CocoaPods installation.\" >&2\n    exit 1\nfi\n# This output is used by Xcode 'outputs' to avoid re-running this script phase.\necho \"SUCCESS\" > \"${SCRIPT_OUTPUT_FILE_0}\"\n";
			showEnvVarsInLog = 0;
		};
		77DA0FE47AB6E79497892F71 /* [CP] Check Pods Manifest.lock */ = {
			isa = PBXShellScriptBuildPhase;
			buildActionMask = 2147483647;
			files = (
			);
			inputPaths = (
				"${PODS_PODFILE_DIR_PATH}/Podfile.lock",
				"${PODS_ROOT}/Manifest.lock",
			);
			name = "[CP] Check Pods Manifest.lock";
			outputPaths = (
				"$(DERIVED_FILE_DIR)/Pods-watchOS-Pipeline-checkManifestLockResult.txt",
			);
			runOnlyForDeploymentPostprocessing = 0;
			shellPath = /bin/sh;
			shellScript = "diff \"${PODS_PODFILE_DIR_PATH}/Podfile.lock\" \"${PODS_ROOT}/Manifest.lock\" > /dev/null\nif [ $? != 0 ] ; then\n    # print error to STDERR\n    echo \"error: The sandbox is not in sync with the Podfile.lock. Run 'pod install' or update your CocoaPods installation.\" >&2\n    exit 1\nfi\n# This output is used by Xcode 'outputs' to avoid re-running this script phase.\necho \"SUCCESS\" > \"${SCRIPT_OUTPUT_FILE_0}\"\n";
			showEnvVarsInLog = 0;
		};
		AE0CB1D09A19B1F1407728DF /* [CP] Check Pods Manifest.lock */ = {
			isa = PBXShellScriptBuildPhase;
			buildActionMask = 2147483647;
			files = (
			);
			inputPaths = (
				"${PODS_PODFILE_DIR_PATH}/Podfile.lock",
				"${PODS_ROOT}/Manifest.lock",
			);
			name = "[CP] Check Pods Manifest.lock";
			outputPaths = (
				"$(DERIVED_FILE_DIR)/Pods-macOS-Pipeline-checkManifestLockResult.txt",
			);
			runOnlyForDeploymentPostprocessing = 0;
			shellPath = /bin/sh;
			shellScript = "diff \"${PODS_PODFILE_DIR_PATH}/Podfile.lock\" \"${PODS_ROOT}/Manifest.lock\" > /dev/null\nif [ $? != 0 ] ; then\n    # print error to STDERR\n    echo \"error: The sandbox is not in sync with the Podfile.lock. Run 'pod install' or update your CocoaPods installation.\" >&2\n    exit 1\nfi\n# This output is used by Xcode 'outputs' to avoid re-running this script phase.\necho \"SUCCESS\" > \"${SCRIPT_OUTPUT_FILE_0}\"\n";
			showEnvVarsInLog = 0;
		};
		BA5B051F833CA3E2CE2C927B /* [CP] Check Pods Manifest.lock */ = {
			isa = PBXShellScriptBuildPhase;
			buildActionMask = 2147483647;
			files = (
			);
			inputPaths = (
				"${PODS_PODFILE_DIR_PATH}/Podfile.lock",
				"${PODS_ROOT}/Manifest.lock",
			);
			name = "[CP] Check Pods Manifest.lock";
			outputPaths = (
				"$(DERIVED_FILE_DIR)/Pods-tvOS-Pipeline-checkManifestLockResult.txt",
			);
			runOnlyForDeploymentPostprocessing = 0;
			shellPath = /bin/sh;
			shellScript = "diff \"${PODS_PODFILE_DIR_PATH}/Podfile.lock\" \"${PODS_ROOT}/Manifest.lock\" > /dev/null\nif [ $? != 0 ] ; then\n    # print error to STDERR\n    echo \"error: The sandbox is not in sync with the Podfile.lock. Run 'pod install' or update your CocoaPods installation.\" >&2\n    exit 1\nfi\n# This output is used by Xcode 'outputs' to avoid re-running this script phase.\necho \"SUCCESS\" > \"${SCRIPT_OUTPUT_FILE_0}\"\n";
			showEnvVarsInLog = 0;
		};
/* End PBXShellScriptBuildPhase section */

/* Begin PBXSourcesBuildPhase section */
		477C6CE8264E4C7962A7004A /* Sources */ = {
			isa = PBXSourcesBuildPhase;
			buildActionMask = 2147483647;
			files = (
				ED95A0F83B5747C746D3445F /* PipelineTests.swift in Sources */,
				C5FE929AE5C2EF3BA41E6342 /* tvOS-PipelineTests.swift in Sources */,
			);
			runOnlyForDeploymentPostprocessing = 0;
		};
		6503F24F2C1679D50007746D /* Sources */ = {
			isa = PBXSourcesBuildPhase;
			buildActionMask = 2147483647;
			files = (
				C51B7BCE07482EE4020D12B6 /* Errors.swift in Sources */,
				E6CF4F79A24113A49CF6AF16 /* Pipeline.swift in Sources */,
				1E17C28F2561F9A905697763 /* watchOS-Pipeline.swift in Sources */,
			);
			runOnlyForDeploymentPostprocessing = 0;
		};
		7B4AD08235716A54E9767AAC /* Sources */ = {
			isa = PBXSourcesBuildPhase;
			buildActionMask = 2147483647;
			files = (
				43A9A131FA1D363F26A9E4F0 /* Errors.swift in Sources */,
				0471559B614CD92B099E01A5 /* macOS-Pipeline.swift in Sources */,
				2629DCE0D6FCE9598480704D /* Pipeline.swift in Sources */,
			);
			runOnlyForDeploymentPostprocessing = 0;
		};
		A971D607FAD9D08121E8DA1F /* Sources */ = {
			isa = PBXSourcesBuildPhase;
			buildActionMask = 2147483647;
			files = (
				3F6DC7CEDFCBB86777E18C6B /* iOS-PipelineTests.swift in Sources */,
				8C41D63270C46A7476541AE6 /* PipelineTests.swift in Sources */,
			);
			runOnlyForDeploymentPostprocessing = 0;
		};
		C3D389DE8726BA4AB49A8F7D /* Sources */ = {
			isa = PBXSourcesBuildPhase;
			buildActionMask = 2147483647;
			files = (
				7C954E225F83F5F43551A5F1 /* Errors.swift in Sources */,
				E5ACE226ABE4C3DFA62B4BA6 /* Pipeline.swift in Sources */,
				7891114443DF103B2CFDF623 /* tvOS-Pipeline.swift in Sources */,
			);
			runOnlyForDeploymentPostprocessing = 0;
		};
		D77A3725076FF8ABC28975B7 /* Sources */ = {
			isa = PBXSourcesBuildPhase;
			buildActionMask = 2147483647;
			files = (
				247D4FDB7C2BB5F60A1B1CC4 /* Errors.swift in Sources */,
				2B4F7F6871841D496C99B26A /* iOS-Pipeline.swift in Sources */,
				EF7BF2D9A57C382E375A0B30 /* Pipeline.swift in Sources */,
			);
			runOnlyForDeploymentPostprocessing = 0;
		};
		F1EAD68E6121ECFF1C572137 /* Sources */ = {
			isa = PBXSourcesBuildPhase;
			buildActionMask = 2147483647;
			files = (
				ED8406FB8CCCB91B41FA51E3 /* macOS-PipelineTests.swift in Sources */,
				732371C7621FA88544116BD5 /* PipelineTests.swift in Sources */,
			);
			runOnlyForDeploymentPostprocessing = 0;
		};
/* End PBXSourcesBuildPhase section */

/* Begin XCBuildConfiguration section */
		1B924E54BD75D8C31AED4E0D /* debug */ = {
			isa = XCBuildConfiguration;
			buildSettings = {
				ALWAYS_EMBED_SWIFT_STANDARD_LIBRARIES = YES;
				BUNDLE_LOADER = "$(TEST_HOST)";
				FRAMEWORK_SEARCH_PATHS = (
					"$(inherited)",
					"$(BUILT_PRODUCTS_DIR)",
				);
				INFOPLIST_FILE = "Info/tvOS-PipelineTests.plist";
				LD_RUNPATH_SEARCH_PATHS = "$(inherited) @executable_path/Frameworks @loader_path/Frameworks";
				MTL_ENABLE_DEBUG_INFO = YES;
				PRODUCT_BUNDLE_IDENTIFIER = "com.XCEssentials.tvOS-PipelineTests";
				PRODUCT_NAME = "$(TARGET_NAME)";
				SDKROOT = appletvos;
				SWIFT_VERSION = "$(inherited)";
				TARGETED_DEVICE_FAMILY = 3;
				TVOS_DEPLOYMENT_TARGET = 9.0;
			};
			name = debug;
		};
		2883019D33F98C01457DB0B3 /* release */ = {
			isa = XCBuildConfiguration;
			buildSettings = {
				ALWAYS_EMBED_SWIFT_STANDARD_LIBRARIES = YES;
				BUNDLE_LOADER = "$(TEST_HOST)";
				COMBINE_HIDPI_IMAGES = YES;
				FRAMEWORK_SEARCH_PATHS = (
					"$(inherited)",
					"$(BUILT_PRODUCTS_DIR)",
				);
				INFOPLIST_FILE = "Info/macOS-PipelineTests.plist";
				LD_RUNPATH_SEARCH_PATHS = "$(inherited) @executable_path/Frameworks @loader_path/Frameworks";
				MACOSX_DEPLOYMENT_TARGET = 10.11;
				PRODUCT_BUNDLE_IDENTIFIER = "com.XCEssentials.macOS-PipelineTests";
				PRODUCT_NAME = "$(TARGET_NAME)";
				SDKROOT = macosx;
				SWIFT_VERSION = "$(inherited)";
			};
			name = release;
		};
		3CD074A93A050CC875D84D1E /* debug */ = {
			isa = XCBuildConfiguration;
			baseConfigurationReference = D9DAB81C711CAA5D8EEC1817 /* Pods-tvOS-Pipeline.debug.xcconfig */;
			buildSettings = {
				ALWAYS_EMBED_SWIFT_STANDARD_LIBRARIES = YES;
				CODE_SIGN_IDENTITY = "iPhone Developer";
				CODE_SIGN_STYLE = Automatic;
				CURRENT_PROJECT_VERSION = 1;
				DEFINES_MODULE = YES;
				ENABLE_TESTABILITY = YES;
				INFOPLIST_FILE = "Info/tvOS-Pipeline.plist";
				INSTALL_PATH = "$(LOCAL_LIBRARY_DIR)/Frameworks";
				LD_RUNPATH_SEARCH_PATHS = "$(inherited) @executable_path/Frameworks";
				MTL_ENABLE_DEBUG_INFO = INCLUDE_SOURCE;
				PRODUCT_BUNDLE_IDENTIFIER = "com.XCEssentials.tvOS-Pipeline";
				PRODUCT_NAME = "$(inherited)";
				SDKROOT = appletvos;
				SKIP_INSTALL = YES;
				SWIFT_VERSION = "$(inherited)";
				TARGETED_DEVICE_FAMILY = 3;
				TVOS_DEPLOYMENT_TARGET = 9.0;
				VERSIONING_SYSTEM = "apple-generic";
				VERSION_INFO_PREFIX = "";
			};
			name = debug;
		};
		41BA9E6203C0D0B7D53D2812 /* release */ = {
			isa = XCBuildConfiguration;
			buildSettings = {
				ALWAYS_SEARCH_USER_PATHS = NO;
				CLANG_ANALYZER_NONNULL = YES;
				CLANG_CXX_LANGUAGE_STANDARD = "gnu++0x";
				CLANG_CXX_LIBRARY = "libc++";
				CLANG_ENABLE_MODULES = YES;
				CLANG_ENABLE_OBJC_ARC = YES;
				CLANG_WARN_BLOCK_CAPTURE_AUTORELEASING = YES;
				CLANG_WARN_BOOL_CONVERSION = YES;
				CLANG_WARN_COMMA = YES;
				CLANG_WARN_CONSTANT_CONVERSION = YES;
				CLANG_WARN_DEPRECATED_OBJC_IMPLEMENTATIONS = YES;
				CLANG_WARN_DIRECT_OBJC_ISA_USAGE = YES_ERROR;
				CLANG_WARN_DOCUMENTATION_COMMENTS = YES;
				CLANG_WARN_EMPTY_BODY = YES;
				CLANG_WARN_ENUM_CONVERSION = YES;
				CLANG_WARN_INFINITE_RECURSION = YES;
				CLANG_WARN_INT_CONVERSION = YES;
				CLANG_WARN_NON_LITERAL_NULL_CONVERSION = YES;
				CLANG_WARN_OBJC_IMPLICIT_RETAIN_SELF = YES;
				CLANG_WARN_OBJC_LITERAL_CONVERSION = YES;
				CLANG_WARN_OBJC_ROOT_CLASS = YES_ERROR;
				CLANG_WARN_RANGE_LOOP_ANALYSIS = YES;
				CLANG_WARN_STRICT_PROTOTYPES = YES;
				CLANG_WARN_SUSPICIOUS_MOVE = YES;
				CLANG_WARN_SUSPICIOUS_MOVES = YES;
				CLANG_WARN_UNREACHABLE_CODE = YES;
				CLANG_WARN__DUPLICATE_METHOD_MATCH = YES;
				CODE_SIGN_IDENTITY = "-";
				"CODE_SIGN_IDENTITY[sdk=iphoneos*]" = "iPhone Developer";
				COPY_PHASE_STRIP = NO;
				CURRENT_PROJECT_VERSION = 1;
				DEBUG_INFORMATION_FORMAT = "dwarf-with-dsym";
				ENABLE_NS_ASSERTIONS = NO;
				ENABLE_STRICT_OBJC_MSGSEND = YES;
				GCC_C_LANGUAGE_STANDARD = gnu99;
				GCC_NO_COMMON_BLOCKS = YES;
				GCC_WARN_64_TO_32_BIT_CONVERSION = YES;
				GCC_WARN_ABOUT_RETURN_TYPE = YES_ERROR;
				GCC_WARN_UNDECLARED_SELECTOR = YES;
				GCC_WARN_UNINITIALIZED_AUTOS = YES_AGGRESSIVE;
				GCC_WARN_UNUSED_FUNCTION = YES;
				GCC_WARN_UNUSED_VARIABLE = YES;
				IPHONEOS_DEPLOYMENT_TARGET = 9.0;
				MACOSX_DEPLOYMENT_TARGET = 10.11;
				MTL_ENABLE_DEBUG_INFO = NO;
				PRODUCT_NAME = XCEPipeline;
				SWIFT_OPTIMIZATION_LEVEL = "-Owholemodule";
				SWIFT_VERSION = 4.2;
				TVOS_DEPLOYMENT_TARGET = 9.0;
				VALIDATE_PRODUCT = YES;
				VERSIONING_SYSTEM = "apple-generic";
				WATCHOS_DEPLOYMENT_TARGET = 3.0;
			};
			name = release;
		};
		523DB4780EA35451E7E68BEC /* release */ = {
			isa = XCBuildConfiguration;
			buildSettings = {
				ALWAYS_EMBED_SWIFT_STANDARD_LIBRARIES = YES;
				BUNDLE_LOADER = "$(TEST_HOST)";
				FRAMEWORK_SEARCH_PATHS = (
					"$(inherited)",
					"$(BUILT_PRODUCTS_DIR)",
				);
				INFOPLIST_FILE = "Info/iOS-PipelineTests.plist";
				IPHONEOS_DEPLOYMENT_TARGET = 9.0;
				LD_RUNPATH_SEARCH_PATHS = "$(inherited) @executable_path/Frameworks @loader_path/Frameworks";
				PRODUCT_BUNDLE_IDENTIFIER = "com.XCEssentials.iOS-PipelineTests";
				PRODUCT_NAME = "$(TARGET_NAME)";
				SDKROOT = iphoneos;
				SWIFT_VERSION = "$(inherited)";
			};
			name = release;
		};
		679CFDD5385D4C172B8915DC /* debug */ = {
			isa = XCBuildConfiguration;
			baseConfigurationReference = E36C79B183AE7862003D7098 /* Pods-iOS-Pipeline.debug.xcconfig */;
			buildSettings = {
				ALWAYS_EMBED_SWIFT_STANDARD_LIBRARIES = YES;
				CODE_SIGN_IDENTITY = "iPhone Developer";
				CODE_SIGN_STYLE = Automatic;
				CURRENT_PROJECT_VERSION = 1;
				DEFINES_MODULE = YES;
				ENABLE_TESTABILITY = YES;
				INFOPLIST_FILE = "Info/iOS-Pipeline.plist";
				INSTALL_PATH = "$(LOCAL_LIBRARY_DIR)/Frameworks";
				IPHONEOS_DEPLOYMENT_TARGET = 9.0;
				LD_RUNPATH_SEARCH_PATHS = "$(inherited) @executable_path/Frameworks";
				MTL_ENABLE_DEBUG_INFO = INCLUDE_SOURCE;
				PRODUCT_BUNDLE_IDENTIFIER = "com.XCEssentials.iOS-Pipeline";
				PRODUCT_NAME = "$(inherited)";
				SDKROOT = iphoneos;
				SKIP_INSTALL = YES;
				SWIFT_VERSION = "$(inherited)";
				TARGETED_DEVICE_FAMILY = "1,2";
				VERSIONING_SYSTEM = "apple-generic";
				VERSION_INFO_PREFIX = "";
			};
			name = debug;
		};
		6DE53CB410DD1102EC985BA1 /* release */ = {
			isa = XCBuildConfiguration;
			baseConfigurationReference = 4306E948F36A7834691DA015 /* Pods-iOS-Pipeline.release.xcconfig */;
			buildSettings = {
				ALWAYS_EMBED_SWIFT_STANDARD_LIBRARIES = YES;
				CODE_SIGN_IDENTITY = "iPhone Developer";
				CODE_SIGN_STYLE = Automatic;
				CURRENT_PROJECT_VERSION = 1;
				DEFINES_MODULE = YES;
				ENABLE_TESTABILITY = YES;
				INFOPLIST_FILE = "Info/iOS-Pipeline.plist";
				INSTALL_PATH = "$(LOCAL_LIBRARY_DIR)/Frameworks";
				IPHONEOS_DEPLOYMENT_TARGET = 9.0;
				LD_RUNPATH_SEARCH_PATHS = "$(inherited) @executable_path/Frameworks";
				MTL_ENABLE_DEBUG_INFO = YES;
				PRODUCT_BUNDLE_IDENTIFIER = "com.XCEssentials.iOS-Pipeline";
				PRODUCT_NAME = "$(inherited)";
				SDKROOT = iphoneos;
				SKIP_INSTALL = YES;
				SWIFT_VERSION = "$(inherited)";
				TARGETED_DEVICE_FAMILY = "1,2";
				VERSIONING_SYSTEM = "apple-generic";
				VERSION_INFO_PREFIX = "";
			};
			name = release;
		};
		804E4900852C9DAECAAD9C06 /* release */ = {
			isa = XCBuildConfiguration;
			baseConfigurationReference = 79E176A92859EE9F2D756620 /* Pods-macOS-Pipeline.release.xcconfig */;
			buildSettings = {
				ALWAYS_EMBED_SWIFT_STANDARD_LIBRARIES = YES;
				CODE_SIGN_IDENTITY = "Mac Developer";
				CODE_SIGN_STYLE = Automatic;
				COMBINE_HIDPI_IMAGES = YES;
				CURRENT_PROJECT_VERSION = 1;
				DEFINES_MODULE = YES;
				ENABLE_TESTABILITY = YES;
				INFOPLIST_FILE = "Info/macOS-Pipeline.plist";
				INSTALL_PATH = "$(LOCAL_LIBRARY_DIR)/Frameworks";
				LD_RUNPATH_SEARCH_PATHS = "$(inherited) @executable_path/../Frameworks";
				MACOSX_DEPLOYMENT_TARGET = 10.11;
				MTL_ENABLE_DEBUG_INFO = YES;
				PRODUCT_BUNDLE_IDENTIFIER = "com.XCEssentials.macOS-Pipeline";
				PRODUCT_NAME = "$(inherited)";
				SDKROOT = macosx;
				SKIP_INSTALL = YES;
				SWIFT_VERSION = "$(inherited)";
				VERSIONING_SYSTEM = "apple-generic";
				VERSION_INFO_PREFIX = "";
			};
			name = release;
		};
		8649C2CED0D2596240F3EEC0 /* debug */ = {
			isa = XCBuildConfiguration;
			buildSettings = {
				ALWAYS_EMBED_SWIFT_STANDARD_LIBRARIES = YES;
				BUNDLE_LOADER = "$(TEST_HOST)";
				COMBINE_HIDPI_IMAGES = YES;
				FRAMEWORK_SEARCH_PATHS = (
					"$(inherited)",
					"$(BUILT_PRODUCTS_DIR)",
				);
				INFOPLIST_FILE = "Info/macOS-PipelineTests.plist";
				LD_RUNPATH_SEARCH_PATHS = "$(inherited) @executable_path/Frameworks @loader_path/Frameworks";
				MACOSX_DEPLOYMENT_TARGET = 10.11;
				MTL_ENABLE_DEBUG_INFO = YES;
				PRODUCT_BUNDLE_IDENTIFIER = "com.XCEssentials.macOS-PipelineTests";
				PRODUCT_NAME = "$(TARGET_NAME)";
				SDKROOT = macosx;
				SWIFT_VERSION = "$(inherited)";
			};
			name = debug;
		};
		963F24C9B8CCB8B178FA51DD /* debug */ = {
			isa = XCBuildConfiguration;
			baseConfigurationReference = 876441D0D7C1A3417CF27970 /* Pods-watchOS-Pipeline.debug.xcconfig */;
			buildSettings = {
				ALWAYS_EMBED_SWIFT_STANDARD_LIBRARIES = YES;
				CODE_SIGN_IDENTITY = "iPhone Developer";
				CODE_SIGN_STYLE = Automatic;
				CURRENT_PROJECT_VERSION = 1;
				DEFINES_MODULE = YES;
				ENABLE_TESTABILITY = YES;
				INFOPLIST_FILE = "Info/watchOS-Pipeline.plist";
				INSTALL_PATH = "$(LOCAL_LIBRARY_DIR)/Frameworks";
				MTL_ENABLE_DEBUG_INFO = INCLUDE_SOURCE;
				PRODUCT_BUNDLE_IDENTIFIER = "com.XCEssentials.watchOS-Pipeline";
				PRODUCT_NAME = "$(inherited)";
				SDKROOT = watchos;
				SKIP_INSTALL = YES;
				SWIFT_VERSION = "$(inherited)";
				TARGETED_DEVICE_FAMILY = 4;
				VERSIONING_SYSTEM = "apple-generic";
				VERSION_INFO_PREFIX = "";
				WATCHOS_DEPLOYMENT_TARGET = 3.0;
			};
			name = debug;
		};
		C5349018EC0A210DD58FD27E /* debug */ = {
			isa = XCBuildConfiguration;
			baseConfigurationReference = 94AA1599AEA42FB3BE63F6BE /* Pods-macOS-Pipeline.debug.xcconfig */;
			buildSettings = {
				ALWAYS_EMBED_SWIFT_STANDARD_LIBRARIES = YES;
				CODE_SIGN_IDENTITY = "Mac Developer";
				CODE_SIGN_STYLE = Automatic;
				COMBINE_HIDPI_IMAGES = YES;
				CURRENT_PROJECT_VERSION = 1;
				DEFINES_MODULE = YES;
				ENABLE_TESTABILITY = YES;
				INFOPLIST_FILE = "Info/macOS-Pipeline.plist";
				INSTALL_PATH = "$(LOCAL_LIBRARY_DIR)/Frameworks";
				LD_RUNPATH_SEARCH_PATHS = "$(inherited) @executable_path/../Frameworks";
				MACOSX_DEPLOYMENT_TARGET = 10.11;
				MTL_ENABLE_DEBUG_INFO = INCLUDE_SOURCE;
				PRODUCT_BUNDLE_IDENTIFIER = "com.XCEssentials.macOS-Pipeline";
				PRODUCT_NAME = "$(inherited)";
				SDKROOT = macosx;
				SKIP_INSTALL = YES;
				SWIFT_VERSION = "$(inherited)";
				VERSIONING_SYSTEM = "apple-generic";
				VERSION_INFO_PREFIX = "";
			};
			name = debug;
		};
		C63584056B01FDD2E29BAAD8 /* release */ = {
			isa = XCBuildConfiguration;
			baseConfigurationReference = 1152394C4C7C6E6D39F79583 /* Pods-watchOS-Pipeline.release.xcconfig */;
			buildSettings = {
				ALWAYS_EMBED_SWIFT_STANDARD_LIBRARIES = YES;
				CODE_SIGN_IDENTITY = "iPhone Developer";
				CODE_SIGN_STYLE = Automatic;
				CURRENT_PROJECT_VERSION = 1;
				DEFINES_MODULE = YES;
				ENABLE_TESTABILITY = YES;
				INFOPLIST_FILE = "Info/watchOS-Pipeline.plist";
				INSTALL_PATH = "$(LOCAL_LIBRARY_DIR)/Frameworks";
				MTL_ENABLE_DEBUG_INFO = YES;
				PRODUCT_BUNDLE_IDENTIFIER = "com.XCEssentials.watchOS-Pipeline";
				PRODUCT_NAME = "$(inherited)";
				SDKROOT = watchos;
				SKIP_INSTALL = YES;
				SWIFT_VERSION = "$(inherited)";
				TARGETED_DEVICE_FAMILY = 4;
				VERSIONING_SYSTEM = "apple-generic";
				VERSION_INFO_PREFIX = "";
				WATCHOS_DEPLOYMENT_TARGET = 3.0;
			};
			name = release;
		};
		CC279C0C44F47257772BE842 /* release */ = {
			isa = XCBuildConfiguration;
			baseConfigurationReference = F4AFE8B5812B9C3833E4EFBD /* Pods-tvOS-Pipeline.release.xcconfig */;
			buildSettings = {
				ALWAYS_EMBED_SWIFT_STANDARD_LIBRARIES = YES;
				CODE_SIGN_IDENTITY = "iPhone Developer";
				CODE_SIGN_STYLE = Automatic;
				CURRENT_PROJECT_VERSION = 1;
				DEFINES_MODULE = YES;
				ENABLE_TESTABILITY = YES;
				INFOPLIST_FILE = "Info/tvOS-Pipeline.plist";
				INSTALL_PATH = "$(LOCAL_LIBRARY_DIR)/Frameworks";
				LD_RUNPATH_SEARCH_PATHS = "$(inherited) @executable_path/Frameworks";
				MTL_ENABLE_DEBUG_INFO = YES;
				PRODUCT_BUNDLE_IDENTIFIER = "com.XCEssentials.tvOS-Pipeline";
				PRODUCT_NAME = "$(inherited)";
				SDKROOT = appletvos;
				SKIP_INSTALL = YES;
				SWIFT_VERSION = "$(inherited)";
				TARGETED_DEVICE_FAMILY = 3;
				TVOS_DEPLOYMENT_TARGET = 9.0;
				VERSIONING_SYSTEM = "apple-generic";
				VERSION_INFO_PREFIX = "";
			};
			name = release;
		};
		E05C325D4D4CF59C09E8359C /* debug */ = {
			isa = XCBuildConfiguration;
			buildSettings = {
				ALWAYS_EMBED_SWIFT_STANDARD_LIBRARIES = YES;
				BUNDLE_LOADER = "$(TEST_HOST)";
				FRAMEWORK_SEARCH_PATHS = (
					"$(inherited)",
					"$(BUILT_PRODUCTS_DIR)",
				);
				INFOPLIST_FILE = "Info/iOS-PipelineTests.plist";
				IPHONEOS_DEPLOYMENT_TARGET = 9.0;
				LD_RUNPATH_SEARCH_PATHS = "$(inherited) @executable_path/Frameworks @loader_path/Frameworks";
				MTL_ENABLE_DEBUG_INFO = YES;
				PRODUCT_BUNDLE_IDENTIFIER = "com.XCEssentials.iOS-PipelineTests";
				PRODUCT_NAME = "$(TARGET_NAME)";
				SDKROOT = iphoneos;
				SWIFT_VERSION = "$(inherited)";
			};
			name = debug;
		};
		EA893A55A87E266ECAE14802 /* release */ = {
			isa = XCBuildConfiguration;
			buildSettings = {
				ALWAYS_EMBED_SWIFT_STANDARD_LIBRARIES = YES;
				BUNDLE_LOADER = "$(TEST_HOST)";
				FRAMEWORK_SEARCH_PATHS = (
					"$(inherited)",
					"$(BUILT_PRODUCTS_DIR)",
				);
				INFOPLIST_FILE = "Info/tvOS-PipelineTests.plist";
				LD_RUNPATH_SEARCH_PATHS = "$(inherited) @executable_path/Frameworks @loader_path/Frameworks";
				PRODUCT_BUNDLE_IDENTIFIER = "com.XCEssentials.tvOS-PipelineTests";
				PRODUCT_NAME = "$(TARGET_NAME)";
				SDKROOT = appletvos;
				SWIFT_VERSION = "$(inherited)";
				TARGETED_DEVICE_FAMILY = 3;
				TVOS_DEPLOYMENT_TARGET = 9.0;
			};
			name = release;
		};
		EBD1344EE1A9FA08B3A5808C /* debug */ = {
			isa = XCBuildConfiguration;
			buildSettings = {
				ALWAYS_SEARCH_USER_PATHS = NO;
				CLANG_ANALYZER_NONNULL = YES;
				CLANG_CXX_LANGUAGE_STANDARD = "gnu++0x";
				CLANG_CXX_LIBRARY = "libc++";
				CLANG_ENABLE_MODULES = YES;
				CLANG_ENABLE_OBJC_ARC = YES;
				CLANG_WARN_BLOCK_CAPTURE_AUTORELEASING = YES;
				CLANG_WARN_BOOL_CONVERSION = YES;
				CLANG_WARN_COMMA = YES;
				CLANG_WARN_CONSTANT_CONVERSION = YES;
				CLANG_WARN_DEPRECATED_OBJC_IMPLEMENTATIONS = YES;
				CLANG_WARN_DIRECT_OBJC_ISA_USAGE = YES_ERROR;
				CLANG_WARN_DOCUMENTATION_COMMENTS = YES;
				CLANG_WARN_EMPTY_BODY = YES;
				CLANG_WARN_ENUM_CONVERSION = YES;
				CLANG_WARN_INFINITE_RECURSION = YES;
				CLANG_WARN_INT_CONVERSION = YES;
				CLANG_WARN_NON_LITERAL_NULL_CONVERSION = YES;
				CLANG_WARN_OBJC_IMPLICIT_RETAIN_SELF = YES;
				CLANG_WARN_OBJC_LITERAL_CONVERSION = YES;
				CLANG_WARN_OBJC_ROOT_CLASS = YES_ERROR;
				CLANG_WARN_RANGE_LOOP_ANALYSIS = YES;
				CLANG_WARN_STRICT_PROTOTYPES = YES;
				CLANG_WARN_SUSPICIOUS_MOVE = YES;
				CLANG_WARN_SUSPICIOUS_MOVES = YES;
				CLANG_WARN_UNREACHABLE_CODE = YES;
				CLANG_WARN__DUPLICATE_METHOD_MATCH = YES;
				CODE_SIGN_IDENTITY = "-";
				"CODE_SIGN_IDENTITY[sdk=iphoneos*]" = "iPhone Developer";
				COPY_PHASE_STRIP = NO;
				CURRENT_PROJECT_VERSION = 1;
				DEBUG_INFORMATION_FORMAT = dwarf;
				ENABLE_STRICT_OBJC_MSGSEND = YES;
				ENABLE_TESTABILITY = YES;
				GCC_C_LANGUAGE_STANDARD = gnu99;
				GCC_DYNAMIC_NO_PIC = NO;
				GCC_NO_COMMON_BLOCKS = YES;
				GCC_OPTIMIZATION_LEVEL = 0;
				GCC_PREPROCESSOR_DEFINITIONS = (
					"DEBUG=1",
					"$(inherited)",
				);
				GCC_WARN_64_TO_32_BIT_CONVERSION = YES;
				GCC_WARN_ABOUT_RETURN_TYPE = YES_ERROR;
				GCC_WARN_UNDECLARED_SELECTOR = YES;
				GCC_WARN_UNINITIALIZED_AUTOS = YES_AGGRESSIVE;
				GCC_WARN_UNUSED_FUNCTION = YES;
				GCC_WARN_UNUSED_VARIABLE = YES;
				IPHONEOS_DEPLOYMENT_TARGET = 9.0;
				MACOSX_DEPLOYMENT_TARGET = 10.11;
				MTL_ENABLE_DEBUG_INFO = YES;
				ONLY_ACTIVE_ARCH = YES;
				PRODUCT_NAME = XCEPipeline;
				SWIFT_ACTIVE_COMPILATION_CONDITIONS = DEBUG;
				SWIFT_OPTIMIZATION_LEVEL = "-Onone";
				SWIFT_VERSION = 4.2;
				TVOS_DEPLOYMENT_TARGET = 9.0;
				VERSIONING_SYSTEM = "apple-generic";
				WATCHOS_DEPLOYMENT_TARGET = 3.0;
			};
			name = debug;
		};
/* End XCBuildConfiguration section */

/* Begin XCConfigurationList section */
		1DFC2E584D1B3C03C8490CD0 /* Build configuration list for PBXNativeTarget "macOS-Pipeline" */ = {
			isa = XCConfigurationList;
			buildConfigurations = (
				C5349018EC0A210DD58FD27E /* debug */,
				804E4900852C9DAECAAD9C06 /* release */,
			);
			defaultConfigurationIsVisible = 0;
			defaultConfigurationName = Release;
		};
		4AEF5960C3247AB6421F2D4E /* Build configuration list for PBXNativeTarget "tvOS-PipelineTests" */ = {
			isa = XCConfigurationList;
			buildConfigurations = (
				1B924E54BD75D8C31AED4E0D /* debug */,
				EA893A55A87E266ECAE14802 /* release */,
			);
			defaultConfigurationIsVisible = 0;
			defaultConfigurationName = Release;
		};
		4C7199DE7BB4AAFAEFBBF42B /* Build configuration list for PBXNativeTarget "tvOS-Pipeline" */ = {
			isa = XCConfigurationList;
			buildConfigurations = (
				3CD074A93A050CC875D84D1E /* debug */,
				CC279C0C44F47257772BE842 /* release */,
			);
			defaultConfigurationIsVisible = 0;
			defaultConfigurationName = Release;
		};
		62464A742898BB7FFDCE9535 /* Build configuration list for PBXNativeTarget "watchOS-Pipeline" */ = {
			isa = XCConfigurationList;
			buildConfigurations = (
				963F24C9B8CCB8B178FA51DD /* debug */,
				C63584056B01FDD2E29BAAD8 /* release */,
			);
			defaultConfigurationIsVisible = 0;
			defaultConfigurationName = Release;
		};
		B8FCEA0BAF65A0D503AD27A5 /* Build configuration list for PBXNativeTarget "iOS-Pipeline" */ = {
			isa = XCConfigurationList;
			buildConfigurations = (
				679CFDD5385D4C172B8915DC /* debug */,
				6DE53CB410DD1102EC985BA1 /* release */,
			);
			defaultConfigurationIsVisible = 0;
			defaultConfigurationName = Release;
		};
		D4DEECDCED3D23E93FF715AA /* Build configuration list for PBXProject "Pipeline" */ = {
			isa = XCConfigurationList;
			buildConfigurations = (
				EBD1344EE1A9FA08B3A5808C /* debug */,
				41BA9E6203C0D0B7D53D2812 /* release */,
			);
			defaultConfigurationIsVisible = 0;
			defaultConfigurationName = debug;
		};
		FB47639D61BCBE63F89B851C /* Build configuration list for PBXNativeTarget "macOS-PipelineTests" */ = {
			isa = XCConfigurationList;
			buildConfigurations = (
				8649C2CED0D2596240F3EEC0 /* debug */,
				2883019D33F98C01457DB0B3 /* release */,
			);
			defaultConfigurationIsVisible = 0;
			defaultConfigurationName = Release;
		};
		FE852F422057497BA8972687 /* Build configuration list for PBXNativeTarget "iOS-PipelineTests" */ = {
			isa = XCConfigurationList;
			buildConfigurations = (
				E05C325D4D4CF59C09E8359C /* debug */,
				523DB4780EA35451E7E68BEC /* release */,
			);
			defaultConfigurationIsVisible = 0;
			defaultConfigurationName = Release;
		};
/* End XCConfigurationList section */
	};
	rootObject = 9E1E7C0CE35DFA3E856A2B2B /* Project object */;
}
