// !$*UTF8*$!
{
	archiveVersion = 1;
	classes = {
	};
	objectVersion = 46;
	objects = {

/* Begin PBXBuildFile section */
		03BF49446CAFFCB31BDC3FBB /* PipelineTests.swift in Sources */ = {isa = PBXBuildFile; fileRef = 23490F84935754D450C16C38 /* PipelineTests.swift */; };
		169AA6A0F925241C60585938 /* watchOS-Pipeline.swift in Sources */ = {isa = PBXBuildFile; fileRef = 05CEC8A2BB69309332D81801 /* watchOS-Pipeline.swift */; };
		1D6BA68BDB550214E1ADF00C /* Pipeline.swift in Sources */ = {isa = PBXBuildFile; fileRef = F8874A3C55BA1D780A942E36 /* Pipeline.swift */; };
		1E044942FB568AFBCDCF05C5 /* Pods_watchOS_Pipeline.framework in Frameworks */ = {isa = PBXBuildFile; fileRef = 0900D7412160E6E4A7F516E3 /* Pods_watchOS_Pipeline.framework */; };
		2607145B88025301805A7786 /* iOS-PipelineTests.swift in Sources */ = {isa = PBXBuildFile; fileRef = E04BE19EA69670C4F48DBB69 /* iOS-PipelineTests.swift */; };
		321DBD5E58C018883910500A /* Foundation.framework in Frameworks */ = {isa = PBXBuildFile; fileRef = AD78D06530948560BD29A7CD /* Foundation.framework */; };
		4504D699783F2D32B92E3605 /* tvOS-Pipeline.swift in Sources */ = {isa = PBXBuildFile; fileRef = 140BAFF0641F4C10F4897917 /* tvOS-Pipeline.swift */; };
		45C707627A37F864F7AE8974 /* PipelineTests.swift in Sources */ = {isa = PBXBuildFile; fileRef = 276A08945A62DA7A8BB79385 /* PipelineTests.swift */; };
		4677C1509F733AC04741B27B /* Pods_iOS_Pipeline.framework in Frameworks */ = {isa = PBXBuildFile; fileRef = 3DABCE9E5E0E33E0590D0106 /* Pods_iOS_Pipeline.framework */; };
		4E7FF6B57B58BCCAE23ECF08 /* Cocoa.framework in Frameworks */ = {isa = PBXBuildFile; fileRef = 9D348583808EAC67923C5272 /* Cocoa.framework */; };
		693E0700F58F5F3CC8EFA3FB /* Foundation.framework in Frameworks */ = {isa = PBXBuildFile; fileRef = F33E2AF0EEA298AC94D0E22E /* Foundation.framework */; };
		6A6EDFF66697085EDE4C4EC8 /* tvOS-PipelineTests.swift in Sources */ = {isa = PBXBuildFile; fileRef = 66D47E4DEE4BD7C18F265059 /* tvOS-PipelineTests.swift */; };
		7AA7E5B5E7D0F597730FB18A /* Foundation.framework in Frameworks */ = {isa = PBXBuildFile; fileRef = AD78D06530948560BD29A7CD /* Foundation.framework */; };
		7AE66251507FB3EF2273C6A1 /* Cocoa.framework in Frameworks */ = {isa = PBXBuildFile; fileRef = 9D348583808EAC67923C5272 /* Cocoa.framework */; };
		7FA62FB6D57E45CBD437A21F /* Errors.swift in Sources */ = {isa = PBXBuildFile; fileRef = D840DAA2025EC6D6C7AD26AA /* Errors.swift */; };
		85656A40D4CDC26F1BCAE845 /* Errors.swift in Sources */ = {isa = PBXBuildFile; fileRef = 05B48FB57DBDECB108FEFFDF /* Errors.swift */; };
		8F9641C434E518319DE3C351 /* Pipeline.swift in Sources */ = {isa = PBXBuildFile; fileRef = CC290B052A679C335064FEFC /* Pipeline.swift */; };
		8FB0F16D463FB93324630F94 /* Pipeline.swift in Sources */ = {isa = PBXBuildFile; fileRef = 03B48686E8B1BDD76A8FE48F /* Pipeline.swift */; };
		9B43CB0B764DE348F5AEA252 /* macOS-Pipeline.swift in Sources */ = {isa = PBXBuildFile; fileRef = 20E0EE4903E5159AE3B4E7A3 /* macOS-Pipeline.swift */; };
		A8108FE9EB1C0EBCFC2AA244 /* Foundation.framework in Frameworks */ = {isa = PBXBuildFile; fileRef = F28AE8EC376750041B45C00B /* Foundation.framework */; };
		BA8B5315A50BD11F2556E964 /* iOS-Pipeline.swift in Sources */ = {isa = PBXBuildFile; fileRef = 75AA95470A5E04BC118E4A28 /* iOS-Pipeline.swift */; };
		C164386EFFA1DA64BB46C16C /* Errors.swift in Sources */ = {isa = PBXBuildFile; fileRef = 2F27257E74DA6DD4CBD4E6ED /* Errors.swift */; };
		C5837593CF9FCC5B1932A134 /* Errors.swift in Sources */ = {isa = PBXBuildFile; fileRef = 219CF5E24CF849B2713619A9 /* Errors.swift */; };
		C585097B55D0BC354631A2D3 /* Pipeline.swift in Sources */ = {isa = PBXBuildFile; fileRef = 0408470BEE3F48FEF4AB75C6 /* Pipeline.swift */; };
		D73B94DE365FB6E8E5ED1FC4 /* macOS-PipelineTests.swift in Sources */ = {isa = PBXBuildFile; fileRef = D5AA760851560564D16BFF8E /* macOS-PipelineTests.swift */; };
		E43139A5F668004D788F8214 /* Pods_tvOS_Pipeline.framework in Frameworks */ = {isa = PBXBuildFile; fileRef = 5D70E58C5EE684EFD2DCDC53 /* Pods_tvOS_Pipeline.framework */; };
		E8D9FC03721F02750889CB37 /* Foundation.framework in Frameworks */ = {isa = PBXBuildFile; fileRef = F33E2AF0EEA298AC94D0E22E /* Foundation.framework */; };
		F7DFAE6F3629FB4F79699DB4 /* Pods_macOS_Pipeline.framework in Frameworks */ = {isa = PBXBuildFile; fileRef = 43162E839891DFDABA8A6A3A /* Pods_macOS_Pipeline.framework */; };
		FEF5E4A6B6C1464F5937AF60 /* PipelineTests.swift in Sources */ = {isa = PBXBuildFile; fileRef = 5C57CB31AC4D099D66ED74FB /* PipelineTests.swift */; };
/* End PBXBuildFile section */

/* Begin PBXCopyFilesBuildPhase section */
		0475D432D95C45826FF40D8C /* Embed Frameworks */ = {
			isa = PBXCopyFilesBuildPhase;
			buildActionMask = 2147483647;
			dstPath = "";
			dstSubfolderSpec = 10;
			files = (
			);
			name = "Embed Frameworks";
			runOnlyForDeploymentPostprocessing = 0;
		};
		19539A1ED7204EF20B6FE62F /* Embed Frameworks */ = {
			isa = PBXCopyFilesBuildPhase;
			buildActionMask = 2147483647;
			dstPath = "";
			dstSubfolderSpec = 10;
			files = (
			);
			name = "Embed Frameworks";
			runOnlyForDeploymentPostprocessing = 0;
		};
		4347CE72824F19B09723DC2E /* Embed Frameworks */ = {
			isa = PBXCopyFilesBuildPhase;
			buildActionMask = 2147483647;
			dstPath = "";
			dstSubfolderSpec = 10;
			files = (
			);
			name = "Embed Frameworks";
			runOnlyForDeploymentPostprocessing = 0;
		};
		73FDCFADA2B58086DDB5F5E0 /* Embed Frameworks */ = {
			isa = PBXCopyFilesBuildPhase;
			buildActionMask = 2147483647;
			dstPath = "";
			dstSubfolderSpec = 10;
			files = (
			);
			name = "Embed Frameworks";
			runOnlyForDeploymentPostprocessing = 0;
		};
		754198AB6C0A9C802B093B18 /* Embed Frameworks */ = {
			isa = PBXCopyFilesBuildPhase;
			buildActionMask = 2147483647;
			dstPath = "";
			dstSubfolderSpec = 10;
			files = (
			);
			name = "Embed Frameworks";
			runOnlyForDeploymentPostprocessing = 0;
		};
		8C2140ED38A116B0141492D0 /* Embed Frameworks */ = {
			isa = PBXCopyFilesBuildPhase;
			buildActionMask = 2147483647;
			dstPath = "";
			dstSubfolderSpec = 10;
			files = (
			);
			name = "Embed Frameworks";
			runOnlyForDeploymentPostprocessing = 0;
		};
		DA2680D7C7921867886DADCA /* Embed Frameworks */ = {
			isa = PBXCopyFilesBuildPhase;
			buildActionMask = 2147483647;
			dstPath = "";
			dstSubfolderSpec = 10;
			files = (
			);
			name = "Embed Frameworks";
			runOnlyForDeploymentPostprocessing = 0;
		};
/* End PBXCopyFilesBuildPhase section */

/* Begin PBXFileReference section */
		03B48686E8B1BDD76A8FE48F /* Pipeline.swift */ = {isa = PBXFileReference; includeInIndex = 1; lastKnownFileType = sourcecode.swift; path = Pipeline.swift; sourceTree = "<group>"; };
		0408470BEE3F48FEF4AB75C6 /* Pipeline.swift */ = {isa = PBXFileReference; includeInIndex = 1; lastKnownFileType = sourcecode.swift; path = Pipeline.swift; sourceTree = "<group>"; };
		05B48FB57DBDECB108FEFFDF /* Errors.swift */ = {isa = PBXFileReference; includeInIndex = 1; lastKnownFileType = sourcecode.swift; path = Errors.swift; sourceTree = "<group>"; };
		05CEC8A2BB69309332D81801 /* watchOS-Pipeline.swift */ = {isa = PBXFileReference; includeInIndex = 1; lastKnownFileType = sourcecode.swift; path = "watchOS-Pipeline.swift"; sourceTree = "<group>"; };
		0900D7412160E6E4A7F516E3 /* Pods_watchOS_Pipeline.framework */ = {isa = PBXFileReference; explicitFileType = wrapper.framework; includeInIndex = 0; path = Pods_watchOS_Pipeline.framework; sourceTree = BUILT_PRODUCTS_DIR; };
		140BAFF0641F4C10F4897917 /* tvOS-Pipeline.swift */ = {isa = PBXFileReference; includeInIndex = 1; lastKnownFileType = sourcecode.swift; path = "tvOS-Pipeline.swift"; sourceTree = "<group>"; };
		1616E5F826F32191A56B2040 /* tvOS-Pipeline.framework */ = {isa = PBXFileReference; explicitFileType = wrapper.framework; includeInIndex = 0; path = "tvOS-Pipeline.framework"; sourceTree = BUILT_PRODUCTS_DIR; };
		1E469F1F60C7232B5EBD84A8 /* watchOS-Pipeline.framework */ = {isa = PBXFileReference; explicitFileType = wrapper.framework; includeInIndex = 0; path = "watchOS-Pipeline.framework"; sourceTree = BUILT_PRODUCTS_DIR; };
		20E0EE4903E5159AE3B4E7A3 /* macOS-Pipeline.swift */ = {isa = PBXFileReference; includeInIndex = 1; lastKnownFileType = sourcecode.swift; path = "macOS-Pipeline.swift"; sourceTree = "<group>"; };
		219CF5E24CF849B2713619A9 /* Errors.swift */ = {isa = PBXFileReference; includeInIndex = 1; lastKnownFileType = sourcecode.swift; path = Errors.swift; sourceTree = "<group>"; };
		23490F84935754D450C16C38 /* PipelineTests.swift */ = {isa = PBXFileReference; includeInIndex = 1; lastKnownFileType = sourcecode.swift; path = PipelineTests.swift; sourceTree = "<group>"; };
		276A08945A62DA7A8BB79385 /* PipelineTests.swift */ = {isa = PBXFileReference; includeInIndex = 1; lastKnownFileType = sourcecode.swift; path = PipelineTests.swift; sourceTree = "<group>"; };
		2F27257E74DA6DD4CBD4E6ED /* Errors.swift */ = {isa = PBXFileReference; includeInIndex = 1; lastKnownFileType = sourcecode.swift; path = Errors.swift; sourceTree = "<group>"; };
		3DABCE9E5E0E33E0590D0106 /* Pods_iOS_Pipeline.framework */ = {isa = PBXFileReference; explicitFileType = wrapper.framework; includeInIndex = 0; path = Pods_iOS_Pipeline.framework; sourceTree = BUILT_PRODUCTS_DIR; };
		43162E839891DFDABA8A6A3A /* Pods_macOS_Pipeline.framework */ = {isa = PBXFileReference; explicitFileType = wrapper.framework; includeInIndex = 0; path = Pods_macOS_Pipeline.framework; sourceTree = BUILT_PRODUCTS_DIR; };
		511C41EC0D90D1CEE9DF8D02 /* Pods-iOS-Pipeline.release.xcconfig */ = {isa = PBXFileReference; includeInIndex = 1; lastKnownFileType = text.xcconfig; name = "Pods-iOS-Pipeline.release.xcconfig"; path = "Pods/Target Support Files/Pods-iOS-Pipeline/Pods-iOS-Pipeline.release.xcconfig"; sourceTree = "<group>"; };
		5C57CB31AC4D099D66ED74FB /* PipelineTests.swift */ = {isa = PBXFileReference; includeInIndex = 1; lastKnownFileType = sourcecode.swift; path = PipelineTests.swift; sourceTree = "<group>"; };
		5D70E58C5EE684EFD2DCDC53 /* Pods_tvOS_Pipeline.framework */ = {isa = PBXFileReference; explicitFileType = wrapper.framework; includeInIndex = 0; path = Pods_tvOS_Pipeline.framework; sourceTree = BUILT_PRODUCTS_DIR; };
		66D47E4DEE4BD7C18F265059 /* tvOS-PipelineTests.swift */ = {isa = PBXFileReference; includeInIndex = 1; lastKnownFileType = sourcecode.swift; path = "tvOS-PipelineTests.swift"; sourceTree = "<group>"; };
		75767A1BABB76932D906A6AF /* tvOS-PipelineTests.xctest */ = {isa = PBXFileReference; explicitFileType = wrapper.cfbundle; includeInIndex = 0; path = "tvOS-PipelineTests.xctest"; sourceTree = BUILT_PRODUCTS_DIR; };
		75AA95470A5E04BC118E4A28 /* iOS-Pipeline.swift */ = {isa = PBXFileReference; includeInIndex = 1; lastKnownFileType = sourcecode.swift; path = "iOS-Pipeline.swift"; sourceTree = "<group>"; };
		9C345D1E3CF830DC8C042BB7 /* macOS-PipelineTests.xctest */ = {isa = PBXFileReference; explicitFileType = wrapper.cfbundle; includeInIndex = 0; path = "macOS-PipelineTests.xctest"; sourceTree = BUILT_PRODUCTS_DIR; };
		9D348583808EAC67923C5272 /* Cocoa.framework */ = {isa = PBXFileReference; lastKnownFileType = wrapper.framework; name = Cocoa.framework; path = Platforms/MacOSX.platform/Developer/SDKs/MacOSX10.12.sdk/System/Library/Frameworks/Cocoa.framework; sourceTree = DEVELOPER_DIR; };
		A2338E180FEA00E71178C2C6 /* Pods-tvOS-Pipeline.release.xcconfig */ = {isa = PBXFileReference; includeInIndex = 1; lastKnownFileType = text.xcconfig; name = "Pods-tvOS-Pipeline.release.xcconfig"; path = "Pods/Target Support Files/Pods-tvOS-Pipeline/Pods-tvOS-Pipeline.release.xcconfig"; sourceTree = "<group>"; };
		A55889791E5279FF7C911213 /* iOS-PipelineTests.xctest */ = {isa = PBXFileReference; explicitFileType = wrapper.cfbundle; includeInIndex = 0; path = "iOS-PipelineTests.xctest"; sourceTree = BUILT_PRODUCTS_DIR; };
		A7BE5972103A9BE92201F0F0 /* Pods-macOS-Pipeline.release.xcconfig */ = {isa = PBXFileReference; includeInIndex = 1; lastKnownFileType = text.xcconfig; name = "Pods-macOS-Pipeline.release.xcconfig"; path = "Pods/Target Support Files/Pods-macOS-Pipeline/Pods-macOS-Pipeline.release.xcconfig"; sourceTree = "<group>"; };
		AD78D06530948560BD29A7CD /* Foundation.framework */ = {isa = PBXFileReference; lastKnownFileType = wrapper.framework; name = Foundation.framework; path = Platforms/iPhoneOS.platform/Developer/SDKs/iPhoneOS10.3.sdk/System/Library/Frameworks/Foundation.framework; sourceTree = DEVELOPER_DIR; };
		B2E388D7DAB4FF5C05534BFC /* Pods-watchOS-Pipeline.debug.xcconfig */ = {isa = PBXFileReference; includeInIndex = 1; lastKnownFileType = text.xcconfig; name = "Pods-watchOS-Pipeline.debug.xcconfig"; path = "Pods/Target Support Files/Pods-watchOS-Pipeline/Pods-watchOS-Pipeline.debug.xcconfig"; sourceTree = "<group>"; };
		B8CB6CE47A076C7FFFC346B8 /* macOS-Pipeline.framework */ = {isa = PBXFileReference; explicitFileType = wrapper.framework; includeInIndex = 0; path = "macOS-Pipeline.framework"; sourceTree = BUILT_PRODUCTS_DIR; };
		BC35A577E35C55BB6968E319 /* Pods-iOS-Pipeline.debug.xcconfig */ = {isa = PBXFileReference; includeInIndex = 1; lastKnownFileType = text.xcconfig; name = "Pods-iOS-Pipeline.debug.xcconfig"; path = "Pods/Target Support Files/Pods-iOS-Pipeline/Pods-iOS-Pipeline.debug.xcconfig"; sourceTree = "<group>"; };
		C042B2BD5CC1B6D907CF58D8 /* iOS-Pipeline.framework */ = {isa = PBXFileReference; explicitFileType = wrapper.framework; includeInIndex = 0; path = "iOS-Pipeline.framework"; sourceTree = BUILT_PRODUCTS_DIR; };
		C43AFCE637732687FEF3B237 /* Pods-watchOS-Pipeline.release.xcconfig */ = {isa = PBXFileReference; includeInIndex = 1; lastKnownFileType = text.xcconfig; name = "Pods-watchOS-Pipeline.release.xcconfig"; path = "Pods/Target Support Files/Pods-watchOS-Pipeline/Pods-watchOS-Pipeline.release.xcconfig"; sourceTree = "<group>"; };
		CC290B052A679C335064FEFC /* Pipeline.swift */ = {isa = PBXFileReference; includeInIndex = 1; lastKnownFileType = sourcecode.swift; path = Pipeline.swift; sourceTree = "<group>"; };
		D09D1CDA7F789636BDAE4EE6 /* Pods-tvOS-Pipeline.debug.xcconfig */ = {isa = PBXFileReference; includeInIndex = 1; lastKnownFileType = text.xcconfig; name = "Pods-tvOS-Pipeline.debug.xcconfig"; path = "Pods/Target Support Files/Pods-tvOS-Pipeline/Pods-tvOS-Pipeline.debug.xcconfig"; sourceTree = "<group>"; };
		D5AA760851560564D16BFF8E /* macOS-PipelineTests.swift */ = {isa = PBXFileReference; includeInIndex = 1; lastKnownFileType = sourcecode.swift; path = "macOS-PipelineTests.swift"; sourceTree = "<group>"; };
		D65C6AD563CE35D41DE98E72 /* Pods-macOS-Pipeline.debug.xcconfig */ = {isa = PBXFileReference; includeInIndex = 1; lastKnownFileType = text.xcconfig; name = "Pods-macOS-Pipeline.debug.xcconfig"; path = "Pods/Target Support Files/Pods-macOS-Pipeline/Pods-macOS-Pipeline.debug.xcconfig"; sourceTree = "<group>"; };
		D840DAA2025EC6D6C7AD26AA /* Errors.swift */ = {isa = PBXFileReference; includeInIndex = 1; lastKnownFileType = sourcecode.swift; path = Errors.swift; sourceTree = "<group>"; };
		E04BE19EA69670C4F48DBB69 /* iOS-PipelineTests.swift */ = {isa = PBXFileReference; includeInIndex = 1; lastKnownFileType = sourcecode.swift; path = "iOS-PipelineTests.swift"; sourceTree = "<group>"; };
		F28AE8EC376750041B45C00B /* Foundation.framework */ = {isa = PBXFileReference; lastKnownFileType = wrapper.framework; name = Foundation.framework; path = Platforms/WatchOS.platform/Developer/SDKs/WatchOS3.2.sdk/System/Library/Frameworks/Foundation.framework; sourceTree = DEVELOPER_DIR; };
		F33E2AF0EEA298AC94D0E22E /* Foundation.framework */ = {isa = PBXFileReference; lastKnownFileType = wrapper.framework; name = Foundation.framework; path = Platforms/AppleTVOS.platform/Developer/SDKs/AppleTVOS10.2.sdk/System/Library/Frameworks/Foundation.framework; sourceTree = DEVELOPER_DIR; };
		F8874A3C55BA1D780A942E36 /* Pipeline.swift */ = {isa = PBXFileReference; includeInIndex = 1; lastKnownFileType = sourcecode.swift; path = Pipeline.swift; sourceTree = "<group>"; };
/* End PBXFileReference section */

/* Begin PBXFrameworksBuildPhase section */
		18027C45F39ED3A13BAFD621 /* Frameworks */ = {
			isa = PBXFrameworksBuildPhase;
			buildActionMask = 2147483647;
			files = (
				E8D9FC03721F02750889CB37 /* Foundation.framework in Frameworks */,
				E43139A5F668004D788F8214 /* Pods_tvOS_Pipeline.framework in Frameworks */,
			);
			runOnlyForDeploymentPostprocessing = 0;
		};
		2FA40365132A24FA3E3987B6 /* Frameworks */ = {
			isa = PBXFrameworksBuildPhase;
			buildActionMask = 2147483647;
			files = (
				A8108FE9EB1C0EBCFC2AA244 /* Foundation.framework in Frameworks */,
				1E044942FB568AFBCDCF05C5 /* Pods_watchOS_Pipeline.framework in Frameworks */,
			);
			runOnlyForDeploymentPostprocessing = 0;
		};
		4C068F9EF97B537C63A146BA /* Frameworks */ = {
			isa = PBXFrameworksBuildPhase;
			buildActionMask = 2147483647;
			files = (
				321DBD5E58C018883910500A /* Foundation.framework in Frameworks */,
			);
			runOnlyForDeploymentPostprocessing = 0;
		};
		7EDCC6DF3717E36E8ED26B16 /* Frameworks */ = {
			isa = PBXFrameworksBuildPhase;
			buildActionMask = 2147483647;
			files = (
				7AA7E5B5E7D0F597730FB18A /* Foundation.framework in Frameworks */,
				4677C1509F733AC04741B27B /* Pods_iOS_Pipeline.framework in Frameworks */,
			);
			runOnlyForDeploymentPostprocessing = 0;
		};
		A7E9DCF1BE6C61C569FA3217 /* Frameworks */ = {
			isa = PBXFrameworksBuildPhase;
			buildActionMask = 2147483647;
			files = (
				4E7FF6B57B58BCCAE23ECF08 /* Cocoa.framework in Frameworks */,
				F7DFAE6F3629FB4F79699DB4 /* Pods_macOS_Pipeline.framework in Frameworks */,
			);
			runOnlyForDeploymentPostprocessing = 0;
		};
		C37EE2ED4199685BB9CE1C23 /* Frameworks */ = {
			isa = PBXFrameworksBuildPhase;
			buildActionMask = 2147483647;
			files = (
				7AE66251507FB3EF2273C6A1 /* Cocoa.framework in Frameworks */,
			);
			runOnlyForDeploymentPostprocessing = 0;
		};
		C5238D06CC127BEBC703C720 /* Frameworks */ = {
			isa = PBXFrameworksBuildPhase;
			buildActionMask = 2147483647;
			files = (
				693E0700F58F5F3CC8EFA3FB /* Foundation.framework in Frameworks */,
			);
			runOnlyForDeploymentPostprocessing = 0;
		};
/* End PBXFrameworksBuildPhase section */

/* Begin PBXGroup section */
		0437689D222EF7FEC7A5AA40 = {
			isa = PBXGroup;
			children = (
				0C20CD35A6E89553C036EE01 /* Frameworks */,
				375B4CBDB6B768A430277736 /* Pods */,
				FD3647849AD21C935081566C /* Products */,
				5C0863432880A9169F797B7C /* Sources */,
			);
			sourceTree = "<group>";
		};
		0C20CD35A6E89553C036EE01 /* Frameworks */ = {
			isa = PBXGroup;
			children = (
				1ED5B456E5C84A29A80BBD97 /* $local */,
				273F2EAA891C35A1D7231211 /* iOS */,
				B80BA951B2F37BE9D0FA20FF /* OS X */,
				3DABCE9E5E0E33E0590D0106 /* Pods_iOS_Pipeline.framework */,
				43162E839891DFDABA8A6A3A /* Pods_macOS_Pipeline.framework */,
				5D70E58C5EE684EFD2DCDC53 /* Pods_tvOS_Pipeline.framework */,
				0900D7412160E6E4A7F516E3 /* Pods_watchOS_Pipeline.framework */,
				EEAE1ED9FF13BE79F4247DE8 /* tvOS */,
				84E8CF1EF5D7A6A61E94D2D7 /* watchOS */,
			);
			name = Frameworks;
			sourceTree = "<group>";
		};
		1ED5B456E5C84A29A80BBD97 /* $local */ = {
			isa = PBXGroup;
			children = (
			);
			name = "$local";
			sourceTree = "<group>";
		};
		273F2EAA891C35A1D7231211 /* iOS */ = {
			isa = PBXGroup;
			children = (
				AD78D06530948560BD29A7CD /* Foundation.framework */,
			);
			name = iOS;
			sourceTree = "<group>";
		};
		2CE200BD76B57F8FF067F89F /* tvOS */ = {
			isa = PBXGroup;
			children = (
				140BAFF0641F4C10F4897917 /* tvOS-Pipeline.swift */,
			);
			name = tvOS;
			path = tvOS;
			sourceTree = "<group>";
		};
		2D52C2E17A90483225068D2C /* macOS */ = {
			isa = PBXGroup;
			children = (
				D5AA760851560564D16BFF8E /* macOS-PipelineTests.swift */,
			);
			name = macOS;
			path = macOS;
			sourceTree = "<group>";
		};
		32018F0EDAD522FC25CAECBA /* watchOS */ = {
			isa = PBXGroup;
			children = (
				05CEC8A2BB69309332D81801 /* watchOS-Pipeline.swift */,
			);
			name = watchOS;
			path = watchOS;
			sourceTree = "<group>";
		};
		32F9A17340F910DDA95AC76E /* macOS */ = {
			isa = PBXGroup;
			children = (
				20E0EE4903E5159AE3B4E7A3 /* macOS-Pipeline.swift */,
			);
			name = macOS;
			path = macOS;
			sourceTree = "<group>";
		};
		375B4CBDB6B768A430277736 /* Pods */ = {
			isa = PBXGroup;
			children = (
				BC35A577E35C55BB6968E319 /* Pods-iOS-Pipeline.debug.xcconfig */,
				511C41EC0D90D1CEE9DF8D02 /* Pods-iOS-Pipeline.release.xcconfig */,
				D65C6AD563CE35D41DE98E72 /* Pods-macOS-Pipeline.debug.xcconfig */,
				A7BE5972103A9BE92201F0F0 /* Pods-macOS-Pipeline.release.xcconfig */,
				D09D1CDA7F789636BDAE4EE6 /* Pods-tvOS-Pipeline.debug.xcconfig */,
				A2338E180FEA00E71178C2C6 /* Pods-tvOS-Pipeline.release.xcconfig */,
				B2E388D7DAB4FF5C05534BFC /* Pods-watchOS-Pipeline.debug.xcconfig */,
				C43AFCE637732687FEF3B237 /* Pods-watchOS-Pipeline.release.xcconfig */,
			);
			name = Pods;
			sourceTree = "<group>";
		};
		4EED04DE77E76E48D80BEC06 /* PipelineTests */ = {
			isa = PBXGroup;
			children = (
				FE81692A97A14EDB2D6492F8 /* Common */,
				9F41CD07C46F4C744A204196 /* iOS */,
				2D52C2E17A90483225068D2C /* macOS */,
				A1071D2F6C2287DC4C1F441C /* tvOS */,
			);
			name = PipelineTests;
			path = PipelineTests;
			sourceTree = "<group>";
		};
		5C0863432880A9169F797B7C /* Sources */ = {
			isa = PBXGroup;
			children = (
				68976B39DAD8D5B3711EFEE3 /* Pipeline */,
				4EED04DE77E76E48D80BEC06 /* PipelineTests */,
			);
			name = Sources;
			path = Sources;
			sourceTree = SOURCE_ROOT;
		};
		5F9FB378B258FDA678E3F684 /* Common */ = {
			isa = PBXGroup;
			children = (
				D840DAA2025EC6D6C7AD26AA /* Errors.swift */,
				05B48FB57DBDECB108FEFFDF /* Errors.swift */,
				219CF5E24CF849B2713619A9 /* Errors.swift */,
				2F27257E74DA6DD4CBD4E6ED /* Errors.swift */,
				CC290B052A679C335064FEFC /* Pipeline.swift */,
				0408470BEE3F48FEF4AB75C6 /* Pipeline.swift */,
				03B48686E8B1BDD76A8FE48F /* Pipeline.swift */,
				F8874A3C55BA1D780A942E36 /* Pipeline.swift */,
			);
			name = Common;
			path = Common;
			sourceTree = "<group>";
		};
		63D9BAF7E1290A7051344609 /* iOS */ = {
			isa = PBXGroup;
			children = (
				75AA95470A5E04BC118E4A28 /* iOS-Pipeline.swift */,
			);
			name = iOS;
			path = iOS;
			sourceTree = "<group>";
		};
		68976B39DAD8D5B3711EFEE3 /* Pipeline */ = {
			isa = PBXGroup;
			children = (
				5F9FB378B258FDA678E3F684 /* Common */,
				63D9BAF7E1290A7051344609 /* iOS */,
				32F9A17340F910DDA95AC76E /* macOS */,
				2CE200BD76B57F8FF067F89F /* tvOS */,
				32018F0EDAD522FC25CAECBA /* watchOS */,
			);
			name = Pipeline;
			path = Pipeline;
			sourceTree = "<group>";
		};
		84E8CF1EF5D7A6A61E94D2D7 /* watchOS */ = {
			isa = PBXGroup;
			children = (
				F28AE8EC376750041B45C00B /* Foundation.framework */,
			);
			name = watchOS;
			sourceTree = "<group>";
		};
		9F41CD07C46F4C744A204196 /* iOS */ = {
			isa = PBXGroup;
			children = (
				E04BE19EA69670C4F48DBB69 /* iOS-PipelineTests.swift */,
			);
			name = iOS;
			path = iOS;
			sourceTree = "<group>";
		};
		A1071D2F6C2287DC4C1F441C /* tvOS */ = {
			isa = PBXGroup;
			children = (
				66D47E4DEE4BD7C18F265059 /* tvOS-PipelineTests.swift */,
			);
			name = tvOS;
			path = tvOS;
			sourceTree = "<group>";
		};
		B80BA951B2F37BE9D0FA20FF /* OS X */ = {
			isa = PBXGroup;
			children = (
				9D348583808EAC67923C5272 /* Cocoa.framework */,
			);
			name = "OS X";
			sourceTree = "<group>";
		};
		EEAE1ED9FF13BE79F4247DE8 /* tvOS */ = {
			isa = PBXGroup;
			children = (
				F33E2AF0EEA298AC94D0E22E /* Foundation.framework */,
			);
			name = tvOS;
			sourceTree = "<group>";
		};
		FD3647849AD21C935081566C /* Products */ = {
			isa = PBXGroup;
			children = (
				C042B2BD5CC1B6D907CF58D8 /* iOS-Pipeline.framework */,
				A55889791E5279FF7C911213 /* iOS-PipelineTests.xctest */,
				B8CB6CE47A076C7FFFC346B8 /* macOS-Pipeline.framework */,
				9C345D1E3CF830DC8C042BB7 /* macOS-PipelineTests.xctest */,
				1616E5F826F32191A56B2040 /* tvOS-Pipeline.framework */,
				75767A1BABB76932D906A6AF /* tvOS-PipelineTests.xctest */,
				1E469F1F60C7232B5EBD84A8 /* watchOS-Pipeline.framework */,
			);
			name = Products;
			sourceTree = "<group>";
		};
		FE81692A97A14EDB2D6492F8 /* Common */ = {
			isa = PBXGroup;
			children = (
				276A08945A62DA7A8BB79385 /* PipelineTests.swift */,
				23490F84935754D450C16C38 /* PipelineTests.swift */,
				5C57CB31AC4D099D66ED74FB /* PipelineTests.swift */,
			);
			name = Common;
			path = Common;
			sourceTree = "<group>";
		};
/* End PBXGroup section */

/* Begin PBXNativeTarget section */
		060D8813E5DCD7AD08AE06CD /* tvOS-PipelineTests */ = {
			isa = PBXNativeTarget;
			buildConfigurationList = FB32C042D26434698919FCC2 /* Build configuration list for PBXNativeTarget "tvOS-PipelineTests" */;
			buildPhases = (
				3D5E6B6ECAF4FC384017C9B9 /* Sources */,
				C5238D06CC127BEBC703C720 /* Frameworks */,
				0475D432D95C45826FF40D8C /* Embed Frameworks */,
			);
			buildRules = (
			);
			dependencies = (
			);
			name = "tvOS-PipelineTests";
			productName = "tvOS-PipelineTests";
			productReference = 75767A1BABB76932D906A6AF /* tvOS-PipelineTests.xctest */;
			productType = "com.apple.product-type.bundle.unit-test";
		};
		0AA95815F6346CAEBF79186C /* tvOS-Pipeline */ = {
			isa = PBXNativeTarget;
			buildConfigurationList = C0FC49F93248C8DA7E2B06A8 /* Build configuration list for PBXNativeTarget "tvOS-Pipeline" */;
			buildPhases = (
				ED6D1B58CCCFC15217624DE5 /* [CP] Check Pods Manifest.lock */,
				0A9901307CCB89B77B051AFD /* Sources */,
				18027C45F39ED3A13BAFD621 /* Frameworks */,
				4347CE72824F19B09723DC2E /* Embed Frameworks */,
			);
			buildRules = (
			);
			dependencies = (
			);
			name = "tvOS-Pipeline";
			productName = "tvOS-Pipeline";
			productReference = 1616E5F826F32191A56B2040 /* tvOS-Pipeline.framework */;
			productType = "com.apple.product-type.framework";
		};
		2A4CFE0351E6E6466B61FC22 /* macOS-Pipeline */ = {
			isa = PBXNativeTarget;
			buildConfigurationList = 5B318CCE56FEFE5617274920 /* Build configuration list for PBXNativeTarget "macOS-Pipeline" */;
			buildPhases = (
				CEC2F5C9A00A9FF8DC3A745F /* [CP] Check Pods Manifest.lock */,
				DE0E26FD61BEFBAD3C669760 /* Sources */,
				A7E9DCF1BE6C61C569FA3217 /* Frameworks */,
				19539A1ED7204EF20B6FE62F /* Embed Frameworks */,
			);
			buildRules = (
			);
			dependencies = (
			);
			name = "macOS-Pipeline";
			productName = "macOS-Pipeline";
			productReference = B8CB6CE47A076C7FFFC346B8 /* macOS-Pipeline.framework */;
			productType = "com.apple.product-type.framework";
		};
		2B4A194EFE9CD05A68955604 /* iOS-PipelineTests */ = {
			isa = PBXNativeTarget;
			buildConfigurationList = 31D5213D26649527537BD203 /* Build configuration list for PBXNativeTarget "iOS-PipelineTests" */;
			buildPhases = (
				7CECF222ACC5E13C12B711E8 /* Sources */,
				4C068F9EF97B537C63A146BA /* Frameworks */,
				8C2140ED38A116B0141492D0 /* Embed Frameworks */,
			);
			buildRules = (
			);
			dependencies = (
			);
			name = "iOS-PipelineTests";
			productName = "iOS-PipelineTests";
			productReference = A55889791E5279FF7C911213 /* iOS-PipelineTests.xctest */;
			productType = "com.apple.product-type.bundle.unit-test";
		};
		98B99A325B1F8FF12C2147AA /* watchOS-Pipeline */ = {
			isa = PBXNativeTarget;
			buildConfigurationList = B173F93494AF700AD50C2433 /* Build configuration list for PBXNativeTarget "watchOS-Pipeline" */;
			buildPhases = (
				233F5E5F1C85906A551E22AA /* [CP] Check Pods Manifest.lock */,
				7AEE84E493007B69ECFE6D2D /* Sources */,
				2FA40365132A24FA3E3987B6 /* Frameworks */,
				DA2680D7C7921867886DADCA /* Embed Frameworks */,
			);
			buildRules = (
			);
			dependencies = (
			);
			name = "watchOS-Pipeline";
			productName = "watchOS-Pipeline";
			productReference = 1E469F1F60C7232B5EBD84A8 /* watchOS-Pipeline.framework */;
			productType = "com.apple.product-type.framework";
		};
		9D7E7698B7005BFC8CE175C7 /* macOS-PipelineTests */ = {
			isa = PBXNativeTarget;
			buildConfigurationList = F9FC00119016E76DA10E002C /* Build configuration list for PBXNativeTarget "macOS-PipelineTests" */;
			buildPhases = (
				712CCFA9DB96D5288578FD2D /* Sources */,
				C37EE2ED4199685BB9CE1C23 /* Frameworks */,
				754198AB6C0A9C802B093B18 /* Embed Frameworks */,
			);
			buildRules = (
			);
			dependencies = (
			);
			name = "macOS-PipelineTests";
			productName = "macOS-PipelineTests";
			productReference = 9C345D1E3CF830DC8C042BB7 /* macOS-PipelineTests.xctest */;
			productType = "com.apple.product-type.bundle.unit-test";
		};
		FA609D06DDCB509472D17E3C /* iOS-Pipeline */ = {
			isa = PBXNativeTarget;
			buildConfigurationList = D26F0EDEE3BB3D5113E0AC87 /* Build configuration list for PBXNativeTarget "iOS-Pipeline" */;
			buildPhases = (
				339316CFB939935AE0E402B9 /* [CP] Check Pods Manifest.lock */,
				5FA962C6E1C49BE98032DD66 /* Sources */,
				7EDCC6DF3717E36E8ED26B16 /* Frameworks */,
				73FDCFADA2B58086DDB5F5E0 /* Embed Frameworks */,
			);
			buildRules = (
			);
			dependencies = (
			);
			name = "iOS-Pipeline";
			productName = "iOS-Pipeline";
			productReference = C042B2BD5CC1B6D907CF58D8 /* iOS-Pipeline.framework */;
			productType = "com.apple.product-type.framework";
		};
/* End PBXNativeTarget section */

/* Begin PBXProject section */
		9F512CBF4811A1A0E552BEE6 /* Project object */ = {
			isa = PBXProject;
			attributes = {
				LastSwiftUpdateCheck = 0830;
				LastUpgradeCheck = 0700;
				Struct.Version = 2.1.0;
			};
			buildConfigurationList = A1DF8FDF6AE12120E12EBAA5 /* Build configuration list for PBXProject "Pipeline" */;
			compatibilityVersion = "Xcode 3.2";
			developmentRegion = English;
			hasScannedForEncodings = 0;
			knownRegions = (
				en,
			);
			mainGroup = 0437689D222EF7FEC7A5AA40;
			productRefGroup = FD3647849AD21C935081566C /* Products */;
			projectDirPath = "";
			projectRoot = "";
			targets = (
				FA609D06DDCB509472D17E3C /* iOS-Pipeline */,
				2B4A194EFE9CD05A68955604 /* iOS-PipelineTests */,
				2A4CFE0351E6E6466B61FC22 /* macOS-Pipeline */,
				9D7E7698B7005BFC8CE175C7 /* macOS-PipelineTests */,
				0AA95815F6346CAEBF79186C /* tvOS-Pipeline */,
				060D8813E5DCD7AD08AE06CD /* tvOS-PipelineTests */,
				98B99A325B1F8FF12C2147AA /* watchOS-Pipeline */,
			);
		};
/* End PBXProject section */

/* Begin PBXShellScriptBuildPhase section */
		233F5E5F1C85906A551E22AA /* [CP] Check Pods Manifest.lock */ = {
			isa = PBXShellScriptBuildPhase;
			buildActionMask = 2147483647;
			files = (
			);
			inputPaths = (
				"${PODS_PODFILE_DIR_PATH}/Podfile.lock",
				"${PODS_ROOT}/Manifest.lock",
			);
			name = "[CP] Check Pods Manifest.lock";
			outputPaths = (
				"$(DERIVED_FILE_DIR)/Pods-watchOS-Pipeline-checkManifestLockResult.txt",
			);
			runOnlyForDeploymentPostprocessing = 0;
			shellPath = /bin/sh;
			shellScript = "diff \"${PODS_PODFILE_DIR_PATH}/Podfile.lock\" \"${PODS_ROOT}/Manifest.lock\" > /dev/null\nif [ $? != 0 ] ; then\n    # print error to STDERR\n    echo \"error: The sandbox is not in sync with the Podfile.lock. Run 'pod install' or update your CocoaPods installation.\" >&2\n    exit 1\nfi\n# This output is used by Xcode 'outputs' to avoid re-running this script phase.\necho \"SUCCESS\" > \"${SCRIPT_OUTPUT_FILE_0}\"\n";
			showEnvVarsInLog = 0;
		};
		339316CFB939935AE0E402B9 /* [CP] Check Pods Manifest.lock */ = {
			isa = PBXShellScriptBuildPhase;
			buildActionMask = 2147483647;
			files = (
			);
			inputPaths = (
				"${PODS_PODFILE_DIR_PATH}/Podfile.lock",
				"${PODS_ROOT}/Manifest.lock",
			);
			name = "[CP] Check Pods Manifest.lock";
			outputPaths = (
				"$(DERIVED_FILE_DIR)/Pods-iOS-Pipeline-checkManifestLockResult.txt",
			);
			runOnlyForDeploymentPostprocessing = 0;
			shellPath = /bin/sh;
			shellScript = "diff \"${PODS_PODFILE_DIR_PATH}/Podfile.lock\" \"${PODS_ROOT}/Manifest.lock\" > /dev/null\nif [ $? != 0 ] ; then\n    # print error to STDERR\n    echo \"error: The sandbox is not in sync with the Podfile.lock. Run 'pod install' or update your CocoaPods installation.\" >&2\n    exit 1\nfi\n# This output is used by Xcode 'outputs' to avoid re-running this script phase.\necho \"SUCCESS\" > \"${SCRIPT_OUTPUT_FILE_0}\"\n";
			showEnvVarsInLog = 0;
		};
		CEC2F5C9A00A9FF8DC3A745F /* [CP] Check Pods Manifest.lock */ = {
			isa = PBXShellScriptBuildPhase;
			buildActionMask = 2147483647;
			files = (
			);
			inputPaths = (
				"${PODS_PODFILE_DIR_PATH}/Podfile.lock",
				"${PODS_ROOT}/Manifest.lock",
			);
			name = "[CP] Check Pods Manifest.lock";
			outputPaths = (
				"$(DERIVED_FILE_DIR)/Pods-macOS-Pipeline-checkManifestLockResult.txt",
			);
			runOnlyForDeploymentPostprocessing = 0;
			shellPath = /bin/sh;
			shellScript = "diff \"${PODS_PODFILE_DIR_PATH}/Podfile.lock\" \"${PODS_ROOT}/Manifest.lock\" > /dev/null\nif [ $? != 0 ] ; then\n    # print error to STDERR\n    echo \"error: The sandbox is not in sync with the Podfile.lock. Run 'pod install' or update your CocoaPods installation.\" >&2\n    exit 1\nfi\n# This output is used by Xcode 'outputs' to avoid re-running this script phase.\necho \"SUCCESS\" > \"${SCRIPT_OUTPUT_FILE_0}\"\n";
			showEnvVarsInLog = 0;
		};
		ED6D1B58CCCFC15217624DE5 /* [CP] Check Pods Manifest.lock */ = {
			isa = PBXShellScriptBuildPhase;
			buildActionMask = 2147483647;
			files = (
			);
			inputPaths = (
				"${PODS_PODFILE_DIR_PATH}/Podfile.lock",
				"${PODS_ROOT}/Manifest.lock",
			);
			name = "[CP] Check Pods Manifest.lock";
			outputPaths = (
				"$(DERIVED_FILE_DIR)/Pods-tvOS-Pipeline-checkManifestLockResult.txt",
			);
			runOnlyForDeploymentPostprocessing = 0;
			shellPath = /bin/sh;
			shellScript = "diff \"${PODS_PODFILE_DIR_PATH}/Podfile.lock\" \"${PODS_ROOT}/Manifest.lock\" > /dev/null\nif [ $? != 0 ] ; then\n    # print error to STDERR\n    echo \"error: The sandbox is not in sync with the Podfile.lock. Run 'pod install' or update your CocoaPods installation.\" >&2\n    exit 1\nfi\n# This output is used by Xcode 'outputs' to avoid re-running this script phase.\necho \"SUCCESS\" > \"${SCRIPT_OUTPUT_FILE_0}\"\n";
			showEnvVarsInLog = 0;
		};
/* End PBXShellScriptBuildPhase section */

/* Begin PBXSourcesBuildPhase section */
		0A9901307CCB89B77B051AFD /* Sources */ = {
			isa = PBXSourcesBuildPhase;
			buildActionMask = 2147483647;
			files = (
				7FA62FB6D57E45CBD437A21F /* Errors.swift in Sources */,
				8FB0F16D463FB93324630F94 /* Pipeline.swift in Sources */,
				4504D699783F2D32B92E3605 /* tvOS-Pipeline.swift in Sources */,
			);
			runOnlyForDeploymentPostprocessing = 0;
		};
		3D5E6B6ECAF4FC384017C9B9 /* Sources */ = {
			isa = PBXSourcesBuildPhase;
			buildActionMask = 2147483647;
			files = (
				FEF5E4A6B6C1464F5937AF60 /* PipelineTests.swift in Sources */,
				6A6EDFF66697085EDE4C4EC8 /* tvOS-PipelineTests.swift in Sources */,
			);
			runOnlyForDeploymentPostprocessing = 0;
		};
		5FA962C6E1C49BE98032DD66 /* Sources */ = {
			isa = PBXSourcesBuildPhase;
			buildActionMask = 2147483647;
			files = (
				C5837593CF9FCC5B1932A134 /* Errors.swift in Sources */,
				BA8B5315A50BD11F2556E964 /* iOS-Pipeline.swift in Sources */,
				C585097B55D0BC354631A2D3 /* Pipeline.swift in Sources */,
			);
			runOnlyForDeploymentPostprocessing = 0;
		};
		712CCFA9DB96D5288578FD2D /* Sources */ = {
			isa = PBXSourcesBuildPhase;
			buildActionMask = 2147483647;
			files = (
				D73B94DE365FB6E8E5ED1FC4 /* macOS-PipelineTests.swift in Sources */,
				45C707627A37F864F7AE8974 /* PipelineTests.swift in Sources */,
			);
			runOnlyForDeploymentPostprocessing = 0;
		};
		7AEE84E493007B69ECFE6D2D /* Sources */ = {
			isa = PBXSourcesBuildPhase;
			buildActionMask = 2147483647;
			files = (
				85656A40D4CDC26F1BCAE845 /* Errors.swift in Sources */,
				8F9641C434E518319DE3C351 /* Pipeline.swift in Sources */,
				169AA6A0F925241C60585938 /* watchOS-Pipeline.swift in Sources */,
			);
			runOnlyForDeploymentPostprocessing = 0;
		};
		7CECF222ACC5E13C12B711E8 /* Sources */ = {
			isa = PBXSourcesBuildPhase;
			buildActionMask = 2147483647;
			files = (
				2607145B88025301805A7786 /* iOS-PipelineTests.swift in Sources */,
				03BF49446CAFFCB31BDC3FBB /* PipelineTests.swift in Sources */,
			);
			runOnlyForDeploymentPostprocessing = 0;
		};
		DE0E26FD61BEFBAD3C669760 /* Sources */ = {
			isa = PBXSourcesBuildPhase;
			buildActionMask = 2147483647;
			files = (
				C164386EFFA1DA64BB46C16C /* Errors.swift in Sources */,
				9B43CB0B764DE348F5AEA252 /* macOS-Pipeline.swift in Sources */,
				1D6BA68BDB550214E1ADF00C /* Pipeline.swift in Sources */,
			);
			runOnlyForDeploymentPostprocessing = 0;
		};
/* End PBXSourcesBuildPhase section */

/* Begin XCBuildConfiguration section */
		067CB128D95C51B102BD088C /* debug */ = {
			isa = XCBuildConfiguration;
			buildSettings = {
				ALWAYS_EMBED_SWIFT_STANDARD_LIBRARIES = YES;
				ALWAYS_SEARCH_USER_PATHS = NO;
				BUNDLE_LOADER = "$(TEST_HOST)";
				CLANG_ANALYZER_NONNULL = YES;
				CLANG_ANALYZER_NUMBER_OBJECT_CONVERSION = YES_AGGRESSIVE;
				CLANG_CXX_LANGUAGE_STANDARD = "gnu++14";
				CLANG_CXX_LIBRARY = "libc++";
				CLANG_ENABLE_MODULES = YES;
				CLANG_ENABLE_OBJC_ARC = YES;
				CLANG_ENABLE_OBJC_WEAK = YES;
				CLANG_WARN_BLOCK_CAPTURE_AUTORELEASING = YES;
				CLANG_WARN_BOOL_CONVERSION = YES;
				CLANG_WARN_COMMA = YES;
				CLANG_WARN_CONSTANT_CONVERSION = YES;
				CLANG_WARN_DEPRECATED_OBJC_IMPLEMENTATIONS = YES;
				CLANG_WARN_DIRECT_OBJC_ISA_USAGE = YES_ERROR;
				CLANG_WARN_DOCUMENTATION_COMMENTS = YES;
				CLANG_WARN_EMPTY_BODY = YES;
				CLANG_WARN_ENUM_CONVERSION = YES;
				CLANG_WARN_INFINITE_RECURSION = YES;
				CLANG_WARN_INT_CONVERSION = YES;
				CLANG_WARN_NON_LITERAL_NULL_CONVERSION = YES;
				CLANG_WARN_OBJC_IMPLICIT_RETAIN_SELF = YES;
				CLANG_WARN_OBJC_LITERAL_CONVERSION = YES;
				CLANG_WARN_OBJC_ROOT_CLASS = YES_ERROR;
				CLANG_WARN_RANGE_LOOP_ANALYSIS = YES;
				CLANG_WARN_STRICT_PROTOTYPES = YES;
				CLANG_WARN_SUSPICIOUS_MOVE = YES;
				CLANG_WARN_UNGUARDED_AVAILABILITY = YES_AGGRESSIVE;
				CLANG_WARN_UNREACHABLE_CODE = YES;
				CLANG_WARN__DUPLICATE_METHOD_MATCH = YES;
				CODE_SIGN_IDENTITY = "Mac Developer";
				CODE_SIGN_STYLE = Automatic;
				COMBINE_HIDPI_IMAGES = YES;
				COPY_PHASE_STRIP = NO;
				CURRENT_PROJECT_VERSION = 1;
				DEBUG_INFORMATION_FORMAT = dwarf;
				ENABLE_STRICT_OBJC_MSGSEND = YES;
				ENABLE_TESTABILITY = YES;
				GCC_C_LANGUAGE_STANDARD = gnu11;
				GCC_DYNAMIC_NO_PIC = NO;
				GCC_NO_COMMON_BLOCKS = YES;
				GCC_OPTIMIZATION_LEVEL = 0;
				GCC_PREPROCESSOR_DEFINITIONS = (
					DEBUG1,
					"$(inherited)",
				);
				GCC_WARN_64_TO_32_BIT_CONVERSION = YES;
				GCC_WARN_ABOUT_RETURN_TYPE = YES_ERROR;
				GCC_WARN_UNDECLARED_SELECTOR = YES;
				GCC_WARN_UNINITIALIZED_AUTOS = YES_AGGRESSIVE;
				GCC_WARN_UNUSED_FUNCTION = YES;
				GCC_WARN_UNUSED_VARIABLE = YES;
				INFOPLIST_FILE = "Info/macOS-PipelineTests.plist";
				LD_RUNPATH_SEARCH_PATHS = "$(inherited) @executable_path/../Frameworks @loader_path/../Frameworks";
				MACOSX_DEPLOYMENT_TARGET = 10.11;
				MTL_ENABLE_DEBUG_INFO = INCLUDE_SOURCE;
				MTL_FAST_MATH = YES;
				ONLY_ACTIVE_ARCH = YES;
				PRODUCT_BUNDLE_IDENTIFIER = "com.XCEssentials.macOS-PipelineTests";
				PRODUCT_NAME = "$(TARGET_NAME)";
				SDKROOT = macosx;
				SWIFT_ACTIVE_COMPILATION_CONDITIONS = DEBUG;
				SWIFT_OPTIMIZATION_LEVEL = "-Onone";
				SWIFT_VERSION = "$(inherited)";
			};
			name = debug;
		};
		0E9AE0D7C4A0E936BA0A7602 /* debug */ = {
			isa = XCBuildConfiguration;
			baseConfigurationReference = BC35A577E35C55BB6968E319 /* Pods-iOS-Pipeline.debug.xcconfig */;
			buildSettings = {
				ALWAYS_EMBED_SWIFT_STANDARD_LIBRARIES = YES;
				ALWAYS_SEARCH_USER_PATHS = NO;
				CLANG_ANALYZER_NONNULL = YES;
				CLANG_ANALYZER_NUMBER_OBJECT_CONVERSION = YES_AGGRESSIVE;
				CLANG_CXX_LANGUAGE_STANDARD = "gnu++14";
				CLANG_CXX_LIBRARY = "libc++";
				CLANG_ENABLE_MODULES = YES;
				CLANG_ENABLE_OBJC_ARC = YES;
				CLANG_ENABLE_OBJC_WEAK = YES;
				CLANG_WARN_BLOCK_CAPTURE_AUTORELEASING = YES;
				CLANG_WARN_BOOL_CONVERSION = YES;
				CLANG_WARN_COMMA = YES;
				CLANG_WARN_CONSTANT_CONVERSION = YES;
				CLANG_WARN_DEPRECATED_OBJC_IMPLEMENTATIONS = YES;
				CLANG_WARN_DIRECT_OBJC_ISA_USAGE = YES_ERROR;
				CLANG_WARN_DOCUMENTATION_COMMENTS = YES;
				CLANG_WARN_EMPTY_BODY = YES;
				CLANG_WARN_ENUM_CONVERSION = YES;
				CLANG_WARN_INFINITE_RECURSION = YES;
				CLANG_WARN_INT_CONVERSION = YES;
				CLANG_WARN_NON_LITERAL_NULL_CONVERSION = YES;
				CLANG_WARN_OBJC_IMPLICIT_RETAIN_SELF = YES;
				CLANG_WARN_OBJC_LITERAL_CONVERSION = YES;
				CLANG_WARN_OBJC_ROOT_CLASS = YES_ERROR;
				CLANG_WARN_RANGE_LOOP_ANALYSIS = YES;
				CLANG_WARN_STRICT_PROTOTYPES = YES;
				CLANG_WARN_SUSPICIOUS_MOVE = YES;
				CLANG_WARN_UNGUARDED_AVAILABILITY = YES_AGGRESSIVE;
				CLANG_WARN_UNREACHABLE_CODE = YES;
				CLANG_WARN__DUPLICATE_METHOD_MATCH = YES;
				CODE_SIGN_IDENTITY = "iPhone Developer";
				CODE_SIGN_STYLE = Automatic;
				COPY_PHASE_STRIP = NO;
				CURRENT_PROJECT_VERSION = 1;
				DEBUG_INFORMATION_FORMAT = dwarf;
				DEFINES_MODULE = YES;
				DYLIB_COMPATIBILITY_VERSION = 1;
				DYLIB_CURRENT_VERSION = 1;
				DYLIB_INSTALL_NAME_BASE = "@rpath";
				ENABLE_STRICT_OBJC_MSGSEND = YES;
				ENABLE_TESTABILITY = YES;
				GCC_C_LANGUAGE_STANDARD = gnu11;
				GCC_DYNAMIC_NO_PIC = NO;
				GCC_NO_COMMON_BLOCKS = YES;
				GCC_OPTIMIZATION_LEVEL = 0;
				GCC_PREPROCESSOR_DEFINITIONS = (
					DEBUG1,
					"$(inherited)",
				);
				GCC_WARN_64_TO_32_BIT_CONVERSION = YES;
				GCC_WARN_ABOUT_RETURN_TYPE = YES_ERROR;
				GCC_WARN_UNDECLARED_SELECTOR = YES;
				GCC_WARN_UNINITIALIZED_AUTOS = YES_AGGRESSIVE;
				GCC_WARN_UNUSED_FUNCTION = YES;
				GCC_WARN_UNUSED_VARIABLE = YES;
				INFOPLIST_FILE = "Info/iOS-Pipeline.plist";
				INSTALL_PATH = "$(LOCAL_LIBRARY_DIR)/Frameworks";
				IPHONEOS_DEPLOYMENT_TARGET = 9.0;
				LD_RUNPATH_SEARCH_PATHS = "$(inherited) @executable_path/Frameworks @loader_path/Frameworks";
				MTL_ENABLE_DEBUG_INFO = INCLUDE_SOURCE;
				MTL_FAST_MATH = YES;
				ONLY_ACTIVE_ARCH = YES;
				PRODUCT_BUNDLE_IDENTIFIER = "com.XCEssentials.iOS-Pipeline";
				PRODUCT_NAME = "$(inherited)";
				SDKROOT = iphoneos;
				SKIP_INSTALL = YES;
				SWIFT_ACTIVE_COMPILATION_CONDITIONS = DEBUG;
				SWIFT_OPTIMIZATION_LEVEL = "-Onone";
				SWIFT_VERSION = "$(inherited)";
				TARGETED_DEVICE_FAMILY = "1,2";
				VERSIONING_SYSTEM = "apple-generic";
				VERSION_INFO_PREFIX = "";
			};
			name = debug;
		};
		421F7E5FB35BE5969A0514E8 /* debug */ = {
			isa = XCBuildConfiguration;
			baseConfigurationReference = B2E388D7DAB4FF5C05534BFC /* Pods-watchOS-Pipeline.debug.xcconfig */;
			buildSettings = {
				ALWAYS_EMBED_SWIFT_STANDARD_LIBRARIES = YES;
				ALWAYS_SEARCH_USER_PATHS = NO;
				APPLICATION_EXTENSION_API_ONLY = YES;
				CLANG_ANALYZER_NONNULL = YES;
				CLANG_ANALYZER_NUMBER_OBJECT_CONVERSION = YES_AGGRESSIVE;
				CLANG_CXX_LANGUAGE_STANDARD = "gnu++14";
				CLANG_CXX_LIBRARY = "libc++";
				CLANG_ENABLE_MODULES = YES;
				CLANG_ENABLE_OBJC_ARC = YES;
				CLANG_ENABLE_OBJC_WEAK = YES;
				CLANG_WARN_BLOCK_CAPTURE_AUTORELEASING = YES;
				CLANG_WARN_BOOL_CONVERSION = YES;
				CLANG_WARN_COMMA = YES;
				CLANG_WARN_CONSTANT_CONVERSION = YES;
				CLANG_WARN_DEPRECATED_OBJC_IMPLEMENTATIONS = YES;
				CLANG_WARN_DIRECT_OBJC_ISA_USAGE = YES_ERROR;
				CLANG_WARN_DOCUMENTATION_COMMENTS = YES;
				CLANG_WARN_EMPTY_BODY = YES;
				CLANG_WARN_ENUM_CONVERSION = YES;
				CLANG_WARN_INFINITE_RECURSION = YES;
				CLANG_WARN_INT_CONVERSION = YES;
				CLANG_WARN_NON_LITERAL_NULL_CONVERSION = YES;
				CLANG_WARN_OBJC_IMPLICIT_RETAIN_SELF = YES;
				CLANG_WARN_OBJC_LITERAL_CONVERSION = YES;
				CLANG_WARN_OBJC_ROOT_CLASS = YES_ERROR;
				CLANG_WARN_RANGE_LOOP_ANALYSIS = YES;
				CLANG_WARN_STRICT_PROTOTYPES = YES;
				CLANG_WARN_SUSPICIOUS_MOVE = YES;
				CLANG_WARN_UNGUARDED_AVAILABILITY = YES_AGGRESSIVE;
				CLANG_WARN_UNREACHABLE_CODE = YES;
				CLANG_WARN__DUPLICATE_METHOD_MATCH = YES;
				CODE_SIGN_IDENTITY = "iPhone Developer";
				CODE_SIGN_STYLE = Automatic;
				COPY_PHASE_STRIP = NO;
				CURRENT_PROJECT_VERSION = 1;
				DEBUG_INFORMATION_FORMAT = dwarf;
				DEFINES_MODULE = YES;
				DYLIB_COMPATIBILITY_VERSION = 1;
				DYLIB_CURRENT_VERSION = 1;
				DYLIB_INSTALL_NAME_BASE = "@rpath";
				ENABLE_STRICT_OBJC_MSGSEND = YES;
				ENABLE_TESTABILITY = YES;
				GCC_C_LANGUAGE_STANDARD = gnu11;
				GCC_DYNAMIC_NO_PIC = NO;
				GCC_NO_COMMON_BLOCKS = YES;
				GCC_OPTIMIZATION_LEVEL = 0;
				GCC_PREPROCESSOR_DEFINITIONS = (
					DEBUG1,
					"$(inherited)",
				);
				GCC_WARN_64_TO_32_BIT_CONVERSION = YES;
				GCC_WARN_ABOUT_RETURN_TYPE = YES_ERROR;
				GCC_WARN_UNDECLARED_SELECTOR = YES;
				GCC_WARN_UNINITIALIZED_AUTOS = YES_AGGRESSIVE;
				GCC_WARN_UNUSED_FUNCTION = YES;
				GCC_WARN_UNUSED_VARIABLE = YES;
				INFOPLIST_FILE = "Info/watchOS-Pipeline.plist";
				INSTALL_PATH = "$(LOCAL_LIBRARY_DIR)/Frameworks";
				LD_RUNPATH_SEARCH_PATHS = "$(inherited) @executable_path/Frameworks @loader_path/Frameworks";
				MTL_ENABLE_DEBUG_INFO = INCLUDE_SOURCE;
				MTL_FAST_MATH = YES;
				ONLY_ACTIVE_ARCH = YES;
				PRODUCT_BUNDLE_IDENTIFIER = "com.XCEssentials.watchOS-Pipeline";
				PRODUCT_NAME = "$(inherited)";
				SDKROOT = watchos;
				SKIP_INSTALL = YES;
				SWIFT_ACTIVE_COMPILATION_CONDITIONS = DEBUG;
				SWIFT_OPTIMIZATION_LEVEL = "-Onone";
				SWIFT_VERSION = "$(inherited)";
				TARGETED_DEVICE_FAMILY = 4;
				VERSIONING_SYSTEM = "apple-generic";
				VERSION_INFO_PREFIX = "";
				WATCHOS_DEPLOYMENT_TARGET = 3.0;
			};
			name = debug;
		};
		4BB22F7E422E0728057D175F /* release */ = {
			isa = XCBuildConfiguration;
			buildSettings = {
				ALWAYS_EMBED_SWIFT_STANDARD_LIBRARIES = YES;
				ALWAYS_SEARCH_USER_PATHS = NO;
				BUNDLE_LOADER = "$(TEST_HOST)";
				CLANG_ANALYZER_NONNULL = YES;
				CLANG_ANALYZER_NUMBER_OBJECT_CONVERSION = YES_AGGRESSIVE;
				CLANG_CXX_LANGUAGE_STANDARD = "gnu++14";
				CLANG_CXX_LIBRARY = "libc++";
				CLANG_ENABLE_MODULES = YES;
				CLANG_ENABLE_OBJC_ARC = YES;
				CLANG_ENABLE_OBJC_WEAK = YES;
				CLANG_WARN_BLOCK_CAPTURE_AUTORELEASING = YES;
				CLANG_WARN_BOOL_CONVERSION = YES;
				CLANG_WARN_COMMA = YES;
				CLANG_WARN_CONSTANT_CONVERSION = YES;
				CLANG_WARN_DEPRECATED_OBJC_IMPLEMENTATIONS = YES;
				CLANG_WARN_DIRECT_OBJC_ISA_USAGE = YES_ERROR;
				CLANG_WARN_DOCUMENTATION_COMMENTS = YES;
				CLANG_WARN_EMPTY_BODY = YES;
				CLANG_WARN_ENUM_CONVERSION = YES;
				CLANG_WARN_INFINITE_RECURSION = YES;
				CLANG_WARN_INT_CONVERSION = YES;
				CLANG_WARN_NON_LITERAL_NULL_CONVERSION = YES;
				CLANG_WARN_OBJC_IMPLICIT_RETAIN_SELF = YES;
				CLANG_WARN_OBJC_LITERAL_CONVERSION = YES;
				CLANG_WARN_OBJC_ROOT_CLASS = YES_ERROR;
				CLANG_WARN_RANGE_LOOP_ANALYSIS = YES;
				CLANG_WARN_STRICT_PROTOTYPES = YES;
				CLANG_WARN_SUSPICIOUS_MOVE = YES;
				CLANG_WARN_UNGUARDED_AVAILABILITY = YES_AGGRESSIVE;
				CLANG_WARN_UNREACHABLE_CODE = YES;
				CLANG_WARN__DUPLICATE_METHOD_MATCH = YES;
				CODE_SIGN_IDENTITY = "iPhone Developer";
				CODE_SIGN_STYLE = Automatic;
				COPY_PHASE_STRIP = NO;
				CURRENT_PROJECT_VERSION = 1;
				DEBUG_INFORMATION_FORMAT = "dwarf-with-dsym";
				ENABLE_NS_ASSERTIONS = NO;
				ENABLE_STRICT_OBJC_MSGSEND = YES;
				GCC_C_LANGUAGE_STANDARD = gnu11;
				GCC_NO_COMMON_BLOCKS = YES;
				GCC_WARN_64_TO_32_BIT_CONVERSION = YES;
				GCC_WARN_ABOUT_RETURN_TYPE = YES_ERROR;
				GCC_WARN_UNDECLARED_SELECTOR = YES;
				GCC_WARN_UNINITIALIZED_AUTOS = YES_AGGRESSIVE;
				GCC_WARN_UNUSED_FUNCTION = YES;
				GCC_WARN_UNUSED_VARIABLE = YES;
				INFOPLIST_FILE = "Info/iOS-PipelineTests.plist";
				IPHONEOS_DEPLOYMENT_TARGET = 9.0;
				LD_RUNPATH_SEARCH_PATHS = "$(inherited) @executable_path/Frameworks @loader_path/Frameworks";
				MTL_ENABLE_DEBUG_INFO = NO;
				MTL_FAST_MATH = YES;
				PRODUCT_BUNDLE_IDENTIFIER = "com.XCEssentials.iOS-PipelineTests";
				PRODUCT_NAME = "$(TARGET_NAME)";
				SDKROOT = iphoneos;
				SWIFT_COMPILATION_MODE = wholemodule;
				SWIFT_OPTIMIZATION_LEVEL = "-O";
				SWIFT_VERSION = "$(inherited)";
				TARGETED_DEVICE_FAMILY = "1,2";
				VALIDATE_PRODUCT = YES;
			};
			name = release;
		};
		59BE5BE22D120303FD302778 /* release */ = {
			isa = XCBuildConfiguration;
			buildSettings = {
				ALWAYS_EMBED_SWIFT_STANDARD_LIBRARIES = YES;
				ALWAYS_SEARCH_USER_PATHS = NO;
				BUNDLE_LOADER = "$(TEST_HOST)";
				CLANG_ANALYZER_NONNULL = YES;
				CLANG_ANALYZER_NUMBER_OBJECT_CONVERSION = YES_AGGRESSIVE;
				CLANG_CXX_LANGUAGE_STANDARD = "gnu++14";
				CLANG_CXX_LIBRARY = "libc++";
				CLANG_ENABLE_MODULES = YES;
				CLANG_ENABLE_OBJC_ARC = YES;
				CLANG_ENABLE_OBJC_WEAK = YES;
				CLANG_WARN_BLOCK_CAPTURE_AUTORELEASING = YES;
				CLANG_WARN_BOOL_CONVERSION = YES;
				CLANG_WARN_COMMA = YES;
				CLANG_WARN_CONSTANT_CONVERSION = YES;
				CLANG_WARN_DEPRECATED_OBJC_IMPLEMENTATIONS = YES;
				CLANG_WARN_DIRECT_OBJC_ISA_USAGE = YES_ERROR;
				CLANG_WARN_DOCUMENTATION_COMMENTS = YES;
				CLANG_WARN_EMPTY_BODY = YES;
				CLANG_WARN_ENUM_CONVERSION = YES;
				CLANG_WARN_INFINITE_RECURSION = YES;
				CLANG_WARN_INT_CONVERSION = YES;
				CLANG_WARN_NON_LITERAL_NULL_CONVERSION = YES;
				CLANG_WARN_OBJC_IMPLICIT_RETAIN_SELF = YES;
				CLANG_WARN_OBJC_LITERAL_CONVERSION = YES;
				CLANG_WARN_OBJC_ROOT_CLASS = YES_ERROR;
				CLANG_WARN_RANGE_LOOP_ANALYSIS = YES;
				CLANG_WARN_STRICT_PROTOTYPES = YES;
				CLANG_WARN_SUSPICIOUS_MOVE = YES;
				CLANG_WARN_UNGUARDED_AVAILABILITY = YES_AGGRESSIVE;
				CLANG_WARN_UNREACHABLE_CODE = YES;
				CLANG_WARN__DUPLICATE_METHOD_MATCH = YES;
				CODE_SIGN_STYLE = Automatic;
				COPY_PHASE_STRIP = NO;
				CURRENT_PROJECT_VERSION = 1;
				DEBUG_INFORMATION_FORMAT = "dwarf-with-dsym";
				ENABLE_NS_ASSERTIONS = NO;
				ENABLE_STRICT_OBJC_MSGSEND = YES;
				GCC_C_LANGUAGE_STANDARD = gnu11;
				GCC_NO_COMMON_BLOCKS = YES;
				GCC_WARN_64_TO_32_BIT_CONVERSION = YES;
				GCC_WARN_ABOUT_RETURN_TYPE = YES_ERROR;
				GCC_WARN_UNDECLARED_SELECTOR = YES;
				GCC_WARN_UNINITIALIZED_AUTOS = YES_AGGRESSIVE;
				GCC_WARN_UNUSED_FUNCTION = YES;
				GCC_WARN_UNUSED_VARIABLE = YES;
				INFOPLIST_FILE = "Info/tvOS-PipelineTests.plist";
				LD_RUNPATH_SEARCH_PATHS = "$(inherited) @executable_path/Frameworks @loader_path/Frameworks";
				MTL_ENABLE_DEBUG_INFO = NO;
				MTL_FAST_MATH = YES;
				PRODUCT_BUNDLE_IDENTIFIER = "com.XCEssentials.tvOS-PipelineTests";
				PRODUCT_NAME = "$(TARGET_NAME)";
				SDKROOT = appletvos;
				SWIFT_COMPILATION_MODE = wholemodule;
				SWIFT_OPTIMIZATION_LEVEL = "-O";
				SWIFT_VERSION = "$(inherited)";
				TARGETED_DEVICE_FAMILY = 3;
				TVOS_DEPLOYMENT_TARGET = 9.0;
				VALIDATE_PRODUCT = YES;
			};
			name = release;
		};
		61E55E4BFD3E81BF4A771507 /* debug */ = {
			isa = XCBuildConfiguration;
			baseConfigurationReference = D09D1CDA7F789636BDAE4EE6 /* Pods-tvOS-Pipeline.debug.xcconfig */;
			buildSettings = {
				ALWAYS_EMBED_SWIFT_STANDARD_LIBRARIES = YES;
				ALWAYS_SEARCH_USER_PATHS = NO;
				CLANG_ANALYZER_NONNULL = YES;
				CLANG_ANALYZER_NUMBER_OBJECT_CONVERSION = YES_AGGRESSIVE;
				CLANG_CXX_LANGUAGE_STANDARD = "gnu++14";
				CLANG_CXX_LIBRARY = "libc++";
				CLANG_ENABLE_MODULES = YES;
				CLANG_ENABLE_OBJC_ARC = YES;
				CLANG_ENABLE_OBJC_WEAK = YES;
				CLANG_WARN_BLOCK_CAPTURE_AUTORELEASING = YES;
				CLANG_WARN_BOOL_CONVERSION = YES;
				CLANG_WARN_COMMA = YES;
				CLANG_WARN_CONSTANT_CONVERSION = YES;
				CLANG_WARN_DEPRECATED_OBJC_IMPLEMENTATIONS = YES;
				CLANG_WARN_DIRECT_OBJC_ISA_USAGE = YES_ERROR;
				CLANG_WARN_DOCUMENTATION_COMMENTS = YES;
				CLANG_WARN_EMPTY_BODY = YES;
				CLANG_WARN_ENUM_CONVERSION = YES;
				CLANG_WARN_INFINITE_RECURSION = YES;
				CLANG_WARN_INT_CONVERSION = YES;
				CLANG_WARN_NON_LITERAL_NULL_CONVERSION = YES;
				CLANG_WARN_OBJC_IMPLICIT_RETAIN_SELF = YES;
				CLANG_WARN_OBJC_LITERAL_CONVERSION = YES;
				CLANG_WARN_OBJC_ROOT_CLASS = YES_ERROR;
				CLANG_WARN_RANGE_LOOP_ANALYSIS = YES;
				CLANG_WARN_STRICT_PROTOTYPES = YES;
				CLANG_WARN_SUSPICIOUS_MOVE = YES;
				CLANG_WARN_UNGUARDED_AVAILABILITY = YES_AGGRESSIVE;
				CLANG_WARN_UNREACHABLE_CODE = YES;
				CLANG_WARN__DUPLICATE_METHOD_MATCH = YES;
				CODE_SIGN_IDENTITY = "";
				CODE_SIGN_STYLE = Automatic;
				COPY_PHASE_STRIP = NO;
				CURRENT_PROJECT_VERSION = 1;
				DEBUG_INFORMATION_FORMAT = dwarf;
				DEFINES_MODULE = YES;
				DYLIB_COMPATIBILITY_VERSION = 1;
				DYLIB_CURRENT_VERSION = 1;
				DYLIB_INSTALL_NAME_BASE = "@rpath";
				ENABLE_STRICT_OBJC_MSGSEND = YES;
				ENABLE_TESTABILITY = YES;
				GCC_C_LANGUAGE_STANDARD = gnu11;
				GCC_DYNAMIC_NO_PIC = NO;
				GCC_NO_COMMON_BLOCKS = YES;
				GCC_OPTIMIZATION_LEVEL = 0;
				GCC_PREPROCESSOR_DEFINITIONS = (
					DEBUG1,
					"$(inherited)",
				);
				GCC_WARN_64_TO_32_BIT_CONVERSION = YES;
				GCC_WARN_ABOUT_RETURN_TYPE = YES_ERROR;
				GCC_WARN_UNDECLARED_SELECTOR = YES;
				GCC_WARN_UNINITIALIZED_AUTOS = YES_AGGRESSIVE;
				GCC_WARN_UNUSED_FUNCTION = YES;
				GCC_WARN_UNUSED_VARIABLE = YES;
				INFOPLIST_FILE = "Info/tvOS-Pipeline.plist";
				INSTALL_PATH = "$(LOCAL_LIBRARY_DIR)/Frameworks";
				LD_RUNPATH_SEARCH_PATHS = "$(inherited) @executable_path/Frameworks @loader_path/Frameworks";
				MTL_ENABLE_DEBUG_INFO = INCLUDE_SOURCE;
				MTL_FAST_MATH = YES;
				ONLY_ACTIVE_ARCH = YES;
				PRODUCT_BUNDLE_IDENTIFIER = "com.XCEssentials.tvOS-Pipeline";
				PRODUCT_NAME = "$(inherited)";
				SDKROOT = appletvos;
				SKIP_INSTALL = YES;
				SWIFT_ACTIVE_COMPILATION_CONDITIONS = DEBUG;
				SWIFT_OPTIMIZATION_LEVEL = "-Onone";
				SWIFT_VERSION = "$(inherited)";
				TARGETED_DEVICE_FAMILY = 3;
				TVOS_DEPLOYMENT_TARGET = 9.0;
				VERSIONING_SYSTEM = "apple-generic";
				VERSION_INFO_PREFIX = "";
			};
			name = debug;
		};
		6B0B072D7FE1840F8DCCE7D5 /* release */ = {
			isa = XCBuildConfiguration;
			baseConfigurationReference = A2338E180FEA00E71178C2C6 /* Pods-tvOS-Pipeline.release.xcconfig */;
			buildSettings = {
				ALWAYS_EMBED_SWIFT_STANDARD_LIBRARIES = YES;
				ALWAYS_SEARCH_USER_PATHS = NO;
				CLANG_ANALYZER_NONNULL = YES;
				CLANG_ANALYZER_NUMBER_OBJECT_CONVERSION = YES_AGGRESSIVE;
				CLANG_CXX_LANGUAGE_STANDARD = "gnu++14";
				CLANG_CXX_LIBRARY = "libc++";
				CLANG_ENABLE_MODULES = YES;
				CLANG_ENABLE_OBJC_ARC = YES;
				CLANG_ENABLE_OBJC_WEAK = YES;
				CLANG_WARN_BLOCK_CAPTURE_AUTORELEASING = YES;
				CLANG_WARN_BOOL_CONVERSION = YES;
				CLANG_WARN_COMMA = YES;
				CLANG_WARN_CONSTANT_CONVERSION = YES;
				CLANG_WARN_DEPRECATED_OBJC_IMPLEMENTATIONS = YES;
				CLANG_WARN_DIRECT_OBJC_ISA_USAGE = YES_ERROR;
				CLANG_WARN_DOCUMENTATION_COMMENTS = YES;
				CLANG_WARN_EMPTY_BODY = YES;
				CLANG_WARN_ENUM_CONVERSION = YES;
				CLANG_WARN_INFINITE_RECURSION = YES;
				CLANG_WARN_INT_CONVERSION = YES;
				CLANG_WARN_NON_LITERAL_NULL_CONVERSION = YES;
				CLANG_WARN_OBJC_IMPLICIT_RETAIN_SELF = YES;
				CLANG_WARN_OBJC_LITERAL_CONVERSION = YES;
				CLANG_WARN_OBJC_ROOT_CLASS = YES_ERROR;
				CLANG_WARN_RANGE_LOOP_ANALYSIS = YES;
				CLANG_WARN_STRICT_PROTOTYPES = YES;
				CLANG_WARN_SUSPICIOUS_MOVE = YES;
				CLANG_WARN_UNGUARDED_AVAILABILITY = YES_AGGRESSIVE;
				CLANG_WARN_UNREACHABLE_CODE = YES;
				CLANG_WARN__DUPLICATE_METHOD_MATCH = YES;
				CODE_SIGN_IDENTITY = "";
				CODE_SIGN_STYLE = Automatic;
				COPY_PHASE_STRIP = NO;
				CURRENT_PROJECT_VERSION = 1;
				DEBUG_INFORMATION_FORMAT = "dwarf-with-dsym";
				DEFINES_MODULE = YES;
				DYLIB_COMPATIBILITY_VERSION = 1;
				DYLIB_CURRENT_VERSION = 1;
				DYLIB_INSTALL_NAME_BASE = "@rpath";
				ENABLE_NS_ASSERTIONS = NO;
				ENABLE_STRICT_OBJC_MSGSEND = YES;
				ENABLE_TESTABILITY = YES;
				GCC_C_LANGUAGE_STANDARD = gnu11;
				GCC_NO_COMMON_BLOCKS = YES;
				GCC_WARN_64_TO_32_BIT_CONVERSION = YES;
				GCC_WARN_ABOUT_RETURN_TYPE = YES_ERROR;
				GCC_WARN_UNDECLARED_SELECTOR = YES;
				GCC_WARN_UNINITIALIZED_AUTOS = YES_AGGRESSIVE;
				GCC_WARN_UNUSED_FUNCTION = YES;
				GCC_WARN_UNUSED_VARIABLE = YES;
				INFOPLIST_FILE = "Info/tvOS-Pipeline.plist";
				INSTALL_PATH = "$(LOCAL_LIBRARY_DIR)/Frameworks";
				LD_RUNPATH_SEARCH_PATHS = "$(inherited) @executable_path/Frameworks @loader_path/Frameworks";
				MTL_ENABLE_DEBUG_INFO = NO;
				MTL_FAST_MATH = YES;
				PRODUCT_BUNDLE_IDENTIFIER = "com.XCEssentials.tvOS-Pipeline";
				PRODUCT_NAME = "$(inherited)";
				SDKROOT = appletvos;
				SKIP_INSTALL = YES;
				SWIFT_COMPILATION_MODE = wholemodule;
				SWIFT_OPTIMIZATION_LEVEL = "-O";
				SWIFT_VERSION = "$(inherited)";
				TARGETED_DEVICE_FAMILY = 3;
				TVOS_DEPLOYMENT_TARGET = 9.0;
				VALIDATE_PRODUCT = YES;
				VERSIONING_SYSTEM = "apple-generic";
				VERSION_INFO_PREFIX = "";
			};
			name = release;
		};
		71908FAE8D3B74EB8FED7A9F /* release */ = {
			isa = XCBuildConfiguration;
			baseConfigurationReference = A7BE5972103A9BE92201F0F0 /* Pods-macOS-Pipeline.release.xcconfig */;
			buildSettings = {
				ALWAYS_EMBED_SWIFT_STANDARD_LIBRARIES = YES;
				ALWAYS_SEARCH_USER_PATHS = NO;
				CLANG_ANALYZER_NONNULL = YES;
				CLANG_ANALYZER_NUMBER_OBJECT_CONVERSION = YES_AGGRESSIVE;
				CLANG_CXX_LANGUAGE_STANDARD = "gnu++14";
				CLANG_CXX_LIBRARY = "libc++";
				CLANG_ENABLE_MODULES = YES;
				CLANG_ENABLE_OBJC_ARC = YES;
				CLANG_ENABLE_OBJC_WEAK = YES;
				CLANG_WARN_BLOCK_CAPTURE_AUTORELEASING = YES;
				CLANG_WARN_BOOL_CONVERSION = YES;
				CLANG_WARN_COMMA = YES;
				CLANG_WARN_CONSTANT_CONVERSION = YES;
				CLANG_WARN_DEPRECATED_OBJC_IMPLEMENTATIONS = YES;
				CLANG_WARN_DIRECT_OBJC_ISA_USAGE = YES_ERROR;
				CLANG_WARN_DOCUMENTATION_COMMENTS = YES;
				CLANG_WARN_EMPTY_BODY = YES;
				CLANG_WARN_ENUM_CONVERSION = YES;
				CLANG_WARN_INFINITE_RECURSION = YES;
				CLANG_WARN_INT_CONVERSION = YES;
				CLANG_WARN_NON_LITERAL_NULL_CONVERSION = YES;
				CLANG_WARN_OBJC_IMPLICIT_RETAIN_SELF = YES;
				CLANG_WARN_OBJC_LITERAL_CONVERSION = YES;
				CLANG_WARN_OBJC_ROOT_CLASS = YES_ERROR;
				CLANG_WARN_RANGE_LOOP_ANALYSIS = YES;
				CLANG_WARN_STRICT_PROTOTYPES = YES;
				CLANG_WARN_SUSPICIOUS_MOVE = YES;
				CLANG_WARN_UNGUARDED_AVAILABILITY = YES_AGGRESSIVE;
				CLANG_WARN_UNREACHABLE_CODE = YES;
				CLANG_WARN__DUPLICATE_METHOD_MATCH = YES;
				CODE_SIGN_IDENTITY = "Mac Developer";
				CODE_SIGN_STYLE = Automatic;
				COMBINE_HIDPI_IMAGES = YES;
				COPY_PHASE_STRIP = NO;
				CURRENT_PROJECT_VERSION = 1;
				DEBUG_INFORMATION_FORMAT = "dwarf-with-dsym";
				DEFINES_MODULE = YES;
				DYLIB_COMPATIBILITY_VERSION = 1;
				DYLIB_CURRENT_VERSION = 1;
				DYLIB_INSTALL_NAME_BASE = "@rpath";
				ENABLE_NS_ASSERTIONS = NO;
				ENABLE_STRICT_OBJC_MSGSEND = YES;
				ENABLE_TESTABILITY = YES;
				FRAMEWORK_VERSION = A;
				GCC_C_LANGUAGE_STANDARD = gnu11;
				GCC_NO_COMMON_BLOCKS = YES;
				GCC_WARN_64_TO_32_BIT_CONVERSION = YES;
				GCC_WARN_ABOUT_RETURN_TYPE = YES_ERROR;
				GCC_WARN_UNDECLARED_SELECTOR = YES;
				GCC_WARN_UNINITIALIZED_AUTOS = YES_AGGRESSIVE;
				GCC_WARN_UNUSED_FUNCTION = YES;
				GCC_WARN_UNUSED_VARIABLE = YES;
				INFOPLIST_FILE = "Info/macOS-Pipeline.plist";
				INSTALL_PATH = "$(LOCAL_LIBRARY_DIR)/Frameworks";
				LD_RUNPATH_SEARCH_PATHS = "$(inherited) @executable_path/../Frameworks @loader_path/Frameworks";
				MACOSX_DEPLOYMENT_TARGET = 10.11;
				MTL_ENABLE_DEBUG_INFO = NO;
				MTL_FAST_MATH = YES;
				PRODUCT_BUNDLE_IDENTIFIER = "com.XCEssentials.macOS-Pipeline";
				PRODUCT_NAME = "$(inherited)";
				SDKROOT = macosx;
				SKIP_INSTALL = YES;
				SWIFT_COMPILATION_MODE = wholemodule;
				SWIFT_OPTIMIZATION_LEVEL = "-O";
				SWIFT_VERSION = "$(inherited)";
				VERSIONING_SYSTEM = "apple-generic";
				VERSION_INFO_PREFIX = "";
			};
			name = release;
		};
		754239413B8ABC14B99CA4C7 /* release */ = {
			isa = XCBuildConfiguration;
			baseConfigurationReference = 511C41EC0D90D1CEE9DF8D02 /* Pods-iOS-Pipeline.release.xcconfig */;
			buildSettings = {
				ALWAYS_EMBED_SWIFT_STANDARD_LIBRARIES = YES;
				ALWAYS_SEARCH_USER_PATHS = NO;
				CLANG_ANALYZER_NONNULL = YES;
				CLANG_ANALYZER_NUMBER_OBJECT_CONVERSION = YES_AGGRESSIVE;
				CLANG_CXX_LANGUAGE_STANDARD = "gnu++14";
				CLANG_CXX_LIBRARY = "libc++";
				CLANG_ENABLE_MODULES = YES;
				CLANG_ENABLE_OBJC_ARC = YES;
				CLANG_ENABLE_OBJC_WEAK = YES;
				CLANG_WARN_BLOCK_CAPTURE_AUTORELEASING = YES;
				CLANG_WARN_BOOL_CONVERSION = YES;
				CLANG_WARN_COMMA = YES;
				CLANG_WARN_CONSTANT_CONVERSION = YES;
				CLANG_WARN_DEPRECATED_OBJC_IMPLEMENTATIONS = YES;
				CLANG_WARN_DIRECT_OBJC_ISA_USAGE = YES_ERROR;
				CLANG_WARN_DOCUMENTATION_COMMENTS = YES;
				CLANG_WARN_EMPTY_BODY = YES;
				CLANG_WARN_ENUM_CONVERSION = YES;
				CLANG_WARN_INFINITE_RECURSION = YES;
				CLANG_WARN_INT_CONVERSION = YES;
				CLANG_WARN_NON_LITERAL_NULL_CONVERSION = YES;
				CLANG_WARN_OBJC_IMPLICIT_RETAIN_SELF = YES;
				CLANG_WARN_OBJC_LITERAL_CONVERSION = YES;
				CLANG_WARN_OBJC_ROOT_CLASS = YES_ERROR;
				CLANG_WARN_RANGE_LOOP_ANALYSIS = YES;
				CLANG_WARN_STRICT_PROTOTYPES = YES;
				CLANG_WARN_SUSPICIOUS_MOVE = YES;
				CLANG_WARN_UNGUARDED_AVAILABILITY = YES_AGGRESSIVE;
				CLANG_WARN_UNREACHABLE_CODE = YES;
				CLANG_WARN__DUPLICATE_METHOD_MATCH = YES;
				CODE_SIGN_IDENTITY = "iPhone Developer";
				CODE_SIGN_STYLE = Automatic;
				COPY_PHASE_STRIP = NO;
				CURRENT_PROJECT_VERSION = 1;
				DEBUG_INFORMATION_FORMAT = "dwarf-with-dsym";
				DEFINES_MODULE = YES;
				DYLIB_COMPATIBILITY_VERSION = 1;
				DYLIB_CURRENT_VERSION = 1;
				DYLIB_INSTALL_NAME_BASE = "@rpath";
				ENABLE_NS_ASSERTIONS = NO;
				ENABLE_STRICT_OBJC_MSGSEND = YES;
				ENABLE_TESTABILITY = YES;
				GCC_C_LANGUAGE_STANDARD = gnu11;
				GCC_NO_COMMON_BLOCKS = YES;
				GCC_WARN_64_TO_32_BIT_CONVERSION = YES;
				GCC_WARN_ABOUT_RETURN_TYPE = YES_ERROR;
				GCC_WARN_UNDECLARED_SELECTOR = YES;
				GCC_WARN_UNINITIALIZED_AUTOS = YES_AGGRESSIVE;
				GCC_WARN_UNUSED_FUNCTION = YES;
				GCC_WARN_UNUSED_VARIABLE = YES;
				INFOPLIST_FILE = "Info/iOS-Pipeline.plist";
				INSTALL_PATH = "$(LOCAL_LIBRARY_DIR)/Frameworks";
				IPHONEOS_DEPLOYMENT_TARGET = 9.0;
				LD_RUNPATH_SEARCH_PATHS = "$(inherited) @executable_path/Frameworks @loader_path/Frameworks";
				MTL_ENABLE_DEBUG_INFO = NO;
				MTL_FAST_MATH = YES;
				PRODUCT_BUNDLE_IDENTIFIER = "com.XCEssentials.iOS-Pipeline";
				PRODUCT_NAME = "$(inherited)";
				SDKROOT = iphoneos;
				SKIP_INSTALL = YES;
				SWIFT_COMPILATION_MODE = wholemodule;
				SWIFT_OPTIMIZATION_LEVEL = "-O";
				SWIFT_VERSION = "$(inherited)";
				TARGETED_DEVICE_FAMILY = "1,2";
				VALIDATE_PRODUCT = YES;
				VERSIONING_SYSTEM = "apple-generic";
				VERSION_INFO_PREFIX = "";
			};
			name = release;
		};
		85A45461B95FE578AA38AE60 /* debug */ = {
			isa = XCBuildConfiguration;
			buildSettings = {
				ALWAYS_EMBED_SWIFT_STANDARD_LIBRARIES = YES;
				ALWAYS_SEARCH_USER_PATHS = NO;
				BUNDLE_LOADER = "$(TEST_HOST)";
				CLANG_ANALYZER_NONNULL = YES;
				CLANG_ANALYZER_NUMBER_OBJECT_CONVERSION = YES_AGGRESSIVE;
				CLANG_CXX_LANGUAGE_STANDARD = "gnu++14";
				CLANG_CXX_LIBRARY = "libc++";
				CLANG_ENABLE_MODULES = YES;
				CLANG_ENABLE_OBJC_ARC = YES;
				CLANG_ENABLE_OBJC_WEAK = YES;
				CLANG_WARN_BLOCK_CAPTURE_AUTORELEASING = YES;
				CLANG_WARN_BOOL_CONVERSION = YES;
				CLANG_WARN_COMMA = YES;
				CLANG_WARN_CONSTANT_CONVERSION = YES;
				CLANG_WARN_DEPRECATED_OBJC_IMPLEMENTATIONS = YES;
				CLANG_WARN_DIRECT_OBJC_ISA_USAGE = YES_ERROR;
				CLANG_WARN_DOCUMENTATION_COMMENTS = YES;
				CLANG_WARN_EMPTY_BODY = YES;
				CLANG_WARN_ENUM_CONVERSION = YES;
				CLANG_WARN_INFINITE_RECURSION = YES;
				CLANG_WARN_INT_CONVERSION = YES;
				CLANG_WARN_NON_LITERAL_NULL_CONVERSION = YES;
				CLANG_WARN_OBJC_IMPLICIT_RETAIN_SELF = YES;
				CLANG_WARN_OBJC_LITERAL_CONVERSION = YES;
				CLANG_WARN_OBJC_ROOT_CLASS = YES_ERROR;
				CLANG_WARN_RANGE_LOOP_ANALYSIS = YES;
				CLANG_WARN_STRICT_PROTOTYPES = YES;
				CLANG_WARN_SUSPICIOUS_MOVE = YES;
				CLANG_WARN_UNGUARDED_AVAILABILITY = YES_AGGRESSIVE;
				CLANG_WARN_UNREACHABLE_CODE = YES;
				CLANG_WARN__DUPLICATE_METHOD_MATCH = YES;
				CODE_SIGN_IDENTITY = "iPhone Developer";
				CODE_SIGN_STYLE = Automatic;
				COPY_PHASE_STRIP = NO;
				CURRENT_PROJECT_VERSION = 1;
				DEBUG_INFORMATION_FORMAT = dwarf;
				ENABLE_STRICT_OBJC_MSGSEND = YES;
				ENABLE_TESTABILITY = YES;
				GCC_C_LANGUAGE_STANDARD = gnu11;
				GCC_DYNAMIC_NO_PIC = NO;
				GCC_NO_COMMON_BLOCKS = YES;
				GCC_OPTIMIZATION_LEVEL = 0;
				GCC_PREPROCESSOR_DEFINITIONS = (
					DEBUG1,
					"$(inherited)",
				);
				GCC_WARN_64_TO_32_BIT_CONVERSION = YES;
				GCC_WARN_ABOUT_RETURN_TYPE = YES_ERROR;
				GCC_WARN_UNDECLARED_SELECTOR = YES;
				GCC_WARN_UNINITIALIZED_AUTOS = YES_AGGRESSIVE;
				GCC_WARN_UNUSED_FUNCTION = YES;
				GCC_WARN_UNUSED_VARIABLE = YES;
				INFOPLIST_FILE = "Info/iOS-PipelineTests.plist";
				IPHONEOS_DEPLOYMENT_TARGET = 9.0;
				LD_RUNPATH_SEARCH_PATHS = "$(inherited) @executable_path/Frameworks @loader_path/Frameworks";
				MTL_ENABLE_DEBUG_INFO = INCLUDE_SOURCE;
				MTL_FAST_MATH = YES;
				ONLY_ACTIVE_ARCH = YES;
				PRODUCT_BUNDLE_IDENTIFIER = "com.XCEssentials.iOS-PipelineTests";
				PRODUCT_NAME = "$(TARGET_NAME)";
				SDKROOT = iphoneos;
				SWIFT_ACTIVE_COMPILATION_CONDITIONS = DEBUG;
				SWIFT_OPTIMIZATION_LEVEL = "-Onone";
				SWIFT_VERSION = "$(inherited)";
				TARGETED_DEVICE_FAMILY = "1,2";
			};
			name = debug;
		};
		8D9C984F35AF09D63AB53961 /* debug */ = {
			isa = XCBuildConfiguration;
			buildSettings = {
				ALWAYS_SEARCH_USER_PATHS = NO;
				CLANG_ANALYZER_NONNULL = YES;
				CLANG_CXX_LANGUAGE_STANDARD = "gnu++0x";
				CLANG_CXX_LIBRARY = "libc++";
				CLANG_ENABLE_MODULES = YES;
				CLANG_ENABLE_OBJC_ARC = YES;
				CLANG_WARN_BOOL_CONVERSION = YES;
				CLANG_WARN_CONSTANT_CONVERSION = YES;
				CLANG_WARN_DIRECT_OBJC_ISA_USAGE = YES_ERROR;
				CLANG_WARN_DOCUMENTATION_COMMENTS = YES;
				CLANG_WARN_EMPTY_BODY = YES;
				CLANG_WARN_ENUM_CONVERSION = YES;
				CLANG_WARN_INFINITE_RECURSION = YES;
				CLANG_WARN_INT_CONVERSION = YES;
				CLANG_WARN_OBJC_ROOT_CLASS = YES_ERROR;
				CLANG_WARN_SUSPICIOUS_MOVE = YES;
				CLANG_WARN_SUSPICIOUS_MOVES = YES;
				CLANG_WARN_UNREACHABLE_CODE = YES;
				CLANG_WARN__DUPLICATE_METHOD_MATCH = YES;
				CODE_SIGN_IDENTITY = "-";
				"CODE_SIGN_IDENTITY[sdk=iphoneos*]" = "iPhone Developer";
				COPY_PHASE_STRIP = NO;
				DEBUG_INFORMATION_FORMAT = dwarf;
				ENABLE_STRICT_OBJC_MSGSEND = YES;
				ENABLE_TESTABILITY = YES;
				GCC_C_LANGUAGE_STANDARD = gnu99;
				GCC_DYNAMIC_NO_PIC = NO;
				GCC_NO_COMMON_BLOCKS = YES;
				GCC_OPTIMIZATION_LEVEL = 0;
				GCC_PREPROCESSOR_DEFINITIONS = (
					"DEBUG=1",
					"$(inherited)",
				);
				GCC_WARN_64_TO_32_BIT_CONVERSION = YES;
				GCC_WARN_ABOUT_RETURN_TYPE = YES_ERROR;
				GCC_WARN_UNDECLARED_SELECTOR = YES;
				GCC_WARN_UNINITIALIZED_AUTOS = YES_AGGRESSIVE;
				GCC_WARN_UNUSED_FUNCTION = YES;
				GCC_WARN_UNUSED_VARIABLE = YES;
				IPHONEOS_DEPLOYMENT_TARGET = 9.0;
				MACOSX_DEPLOYMENT_TARGET = 10.11;
				MTL_ENABLE_DEBUG_INFO = YES;
				ONLY_ACTIVE_ARCH = YES;
				PRODUCT_NAME = XCEPipeline;
				SWIFT_ACTIVE_COMPILATION_CONDITIONS = DEBUG;
				SWIFT_OPTIMIZATION_LEVEL = "-Onone";
				SWIFT_VERSION = 4.2;
				TVOS_DEPLOYMENT_TARGET = 9.0;
				WATCHOS_DEPLOYMENT_TARGET = 3.0;
			};
			name = debug;
		};
		8DD2EF7B307032D30EE5FB20 /* release */ = {
			isa = XCBuildConfiguration;
			buildSettings = {
				ALWAYS_EMBED_SWIFT_STANDARD_LIBRARIES = YES;
				ALWAYS_SEARCH_USER_PATHS = NO;
				BUNDLE_LOADER = "$(TEST_HOST)";
				CLANG_ANALYZER_NONNULL = YES;
				CLANG_ANALYZER_NUMBER_OBJECT_CONVERSION = YES_AGGRESSIVE;
				CLANG_CXX_LANGUAGE_STANDARD = "gnu++14";
				CLANG_CXX_LIBRARY = "libc++";
				CLANG_ENABLE_MODULES = YES;
				CLANG_ENABLE_OBJC_ARC = YES;
				CLANG_ENABLE_OBJC_WEAK = YES;
				CLANG_WARN_BLOCK_CAPTURE_AUTORELEASING = YES;
				CLANG_WARN_BOOL_CONVERSION = YES;
				CLANG_WARN_COMMA = YES;
				CLANG_WARN_CONSTANT_CONVERSION = YES;
				CLANG_WARN_DEPRECATED_OBJC_IMPLEMENTATIONS = YES;
				CLANG_WARN_DIRECT_OBJC_ISA_USAGE = YES_ERROR;
				CLANG_WARN_DOCUMENTATION_COMMENTS = YES;
				CLANG_WARN_EMPTY_BODY = YES;
				CLANG_WARN_ENUM_CONVERSION = YES;
				CLANG_WARN_INFINITE_RECURSION = YES;
				CLANG_WARN_INT_CONVERSION = YES;
				CLANG_WARN_NON_LITERAL_NULL_CONVERSION = YES;
				CLANG_WARN_OBJC_IMPLICIT_RETAIN_SELF = YES;
				CLANG_WARN_OBJC_LITERAL_CONVERSION = YES;
				CLANG_WARN_OBJC_ROOT_CLASS = YES_ERROR;
				CLANG_WARN_RANGE_LOOP_ANALYSIS = YES;
				CLANG_WARN_STRICT_PROTOTYPES = YES;
				CLANG_WARN_SUSPICIOUS_MOVE = YES;
				CLANG_WARN_UNGUARDED_AVAILABILITY = YES_AGGRESSIVE;
				CLANG_WARN_UNREACHABLE_CODE = YES;
				CLANG_WARN__DUPLICATE_METHOD_MATCH = YES;
				CODE_SIGN_IDENTITY = "Mac Developer";
				CODE_SIGN_STYLE = Automatic;
				COMBINE_HIDPI_IMAGES = YES;
				COPY_PHASE_STRIP = NO;
				CURRENT_PROJECT_VERSION = 1;
				DEBUG_INFORMATION_FORMAT = "dwarf-with-dsym";
				ENABLE_NS_ASSERTIONS = NO;
				ENABLE_STRICT_OBJC_MSGSEND = YES;
				GCC_C_LANGUAGE_STANDARD = gnu11;
				GCC_NO_COMMON_BLOCKS = YES;
				GCC_WARN_64_TO_32_BIT_CONVERSION = YES;
				GCC_WARN_ABOUT_RETURN_TYPE = YES_ERROR;
				GCC_WARN_UNDECLARED_SELECTOR = YES;
				GCC_WARN_UNINITIALIZED_AUTOS = YES_AGGRESSIVE;
				GCC_WARN_UNUSED_FUNCTION = YES;
				GCC_WARN_UNUSED_VARIABLE = YES;
				INFOPLIST_FILE = "Info/macOS-PipelineTests.plist";
				LD_RUNPATH_SEARCH_PATHS = "$(inherited) @executable_path/../Frameworks @loader_path/../Frameworks";
				MACOSX_DEPLOYMENT_TARGET = 10.11;
				MTL_ENABLE_DEBUG_INFO = NO;
				MTL_FAST_MATH = YES;
				PRODUCT_BUNDLE_IDENTIFIER = "com.XCEssentials.macOS-PipelineTests";
				PRODUCT_NAME = "$(TARGET_NAME)";
				SDKROOT = macosx;
				SWIFT_COMPILATION_MODE = wholemodule;
				SWIFT_OPTIMIZATION_LEVEL = "-O";
				SWIFT_VERSION = "$(inherited)";
			};
			name = release;
		};
		97AD0A5ACE2B2CFCDE406CAD /* release */ = {
			isa = XCBuildConfiguration;
			baseConfigurationReference = C43AFCE637732687FEF3B237 /* Pods-watchOS-Pipeline.release.xcconfig */;
			buildSettings = {
				ALWAYS_EMBED_SWIFT_STANDARD_LIBRARIES = YES;
				ALWAYS_SEARCH_USER_PATHS = NO;
				APPLICATION_EXTENSION_API_ONLY = YES;
				CLANG_ANALYZER_NONNULL = YES;
				CLANG_ANALYZER_NUMBER_OBJECT_CONVERSION = YES_AGGRESSIVE;
				CLANG_CXX_LANGUAGE_STANDARD = "gnu++14";
				CLANG_CXX_LIBRARY = "libc++";
				CLANG_ENABLE_MODULES = YES;
				CLANG_ENABLE_OBJC_ARC = YES;
				CLANG_ENABLE_OBJC_WEAK = YES;
				CLANG_WARN_BLOCK_CAPTURE_AUTORELEASING = YES;
				CLANG_WARN_BOOL_CONVERSION = YES;
				CLANG_WARN_COMMA = YES;
				CLANG_WARN_CONSTANT_CONVERSION = YES;
				CLANG_WARN_DEPRECATED_OBJC_IMPLEMENTATIONS = YES;
				CLANG_WARN_DIRECT_OBJC_ISA_USAGE = YES_ERROR;
				CLANG_WARN_DOCUMENTATION_COMMENTS = YES;
				CLANG_WARN_EMPTY_BODY = YES;
				CLANG_WARN_ENUM_CONVERSION = YES;
				CLANG_WARN_INFINITE_RECURSION = YES;
				CLANG_WARN_INT_CONVERSION = YES;
				CLANG_WARN_NON_LITERAL_NULL_CONVERSION = YES;
				CLANG_WARN_OBJC_IMPLICIT_RETAIN_SELF = YES;
				CLANG_WARN_OBJC_LITERAL_CONVERSION = YES;
				CLANG_WARN_OBJC_ROOT_CLASS = YES_ERROR;
				CLANG_WARN_RANGE_LOOP_ANALYSIS = YES;
				CLANG_WARN_STRICT_PROTOTYPES = YES;
				CLANG_WARN_SUSPICIOUS_MOVE = YES;
				CLANG_WARN_UNGUARDED_AVAILABILITY = YES_AGGRESSIVE;
				CLANG_WARN_UNREACHABLE_CODE = YES;
				CLANG_WARN__DUPLICATE_METHOD_MATCH = YES;
				CODE_SIGN_IDENTITY = "iPhone Developer";
				CODE_SIGN_STYLE = Automatic;
				COPY_PHASE_STRIP = NO;
				CURRENT_PROJECT_VERSION = 1;
				DEBUG_INFORMATION_FORMAT = "dwarf-with-dsym";
				DEFINES_MODULE = YES;
				DYLIB_COMPATIBILITY_VERSION = 1;
				DYLIB_CURRENT_VERSION = 1;
				DYLIB_INSTALL_NAME_BASE = "@rpath";
				ENABLE_NS_ASSERTIONS = NO;
				ENABLE_STRICT_OBJC_MSGSEND = YES;
				ENABLE_TESTABILITY = YES;
				GCC_C_LANGUAGE_STANDARD = gnu11;
				GCC_NO_COMMON_BLOCKS = YES;
				GCC_WARN_64_TO_32_BIT_CONVERSION = YES;
				GCC_WARN_ABOUT_RETURN_TYPE = YES_ERROR;
				GCC_WARN_UNDECLARED_SELECTOR = YES;
				GCC_WARN_UNINITIALIZED_AUTOS = YES_AGGRESSIVE;
				GCC_WARN_UNUSED_FUNCTION = YES;
				GCC_WARN_UNUSED_VARIABLE = YES;
				INFOPLIST_FILE = "Info/watchOS-Pipeline.plist";
				INSTALL_PATH = "$(LOCAL_LIBRARY_DIR)/Frameworks";
				LD_RUNPATH_SEARCH_PATHS = "$(inherited) @executable_path/Frameworks @loader_path/Frameworks";
				MTL_ENABLE_DEBUG_INFO = NO;
				MTL_FAST_MATH = YES;
				PRODUCT_BUNDLE_IDENTIFIER = "com.XCEssentials.watchOS-Pipeline";
				PRODUCT_NAME = "$(inherited)";
				SDKROOT = watchos;
				SKIP_INSTALL = YES;
				SWIFT_COMPILATION_MODE = wholemodule;
				SWIFT_OPTIMIZATION_LEVEL = "-O";
				SWIFT_VERSION = "$(inherited)";
				TARGETED_DEVICE_FAMILY = 4;
				VALIDATE_PRODUCT = YES;
				VERSIONING_SYSTEM = "apple-generic";
				VERSION_INFO_PREFIX = "";
				WATCHOS_DEPLOYMENT_TARGET = 3.0;
			};
			name = release;
		};
		AAC8FD3242E7CDA17E832D94 /* release */ = {
			isa = XCBuildConfiguration;
			buildSettings = {
				ALWAYS_SEARCH_USER_PATHS = NO;
				CLANG_ANALYZER_NONNULL = YES;
				CLANG_CXX_LANGUAGE_STANDARD = "gnu++0x";
				CLANG_CXX_LIBRARY = "libc++";
				CLANG_ENABLE_MODULES = YES;
				CLANG_ENABLE_OBJC_ARC = YES;
				CLANG_WARN_BOOL_CONVERSION = YES;
				CLANG_WARN_CONSTANT_CONVERSION = YES;
				CLANG_WARN_DIRECT_OBJC_ISA_USAGE = YES_ERROR;
				CLANG_WARN_DOCUMENTATION_COMMENTS = YES;
				CLANG_WARN_EMPTY_BODY = YES;
				CLANG_WARN_ENUM_CONVERSION = YES;
				CLANG_WARN_INFINITE_RECURSION = YES;
				CLANG_WARN_INT_CONVERSION = YES;
				CLANG_WARN_OBJC_ROOT_CLASS = YES_ERROR;
				CLANG_WARN_SUSPICIOUS_MOVE = YES;
				CLANG_WARN_SUSPICIOUS_MOVES = YES;
				CLANG_WARN_UNREACHABLE_CODE = YES;
				CLANG_WARN__DUPLICATE_METHOD_MATCH = YES;
				CODE_SIGN_IDENTITY = "-";
				"CODE_SIGN_IDENTITY[sdk=iphoneos*]" = "iPhone Developer";
				COPY_PHASE_STRIP = NO;
				DEBUG_INFORMATION_FORMAT = "dwarf-with-dsym";
				ENABLE_NS_ASSERTIONS = NO;
				ENABLE_STRICT_OBJC_MSGSEND = YES;
				GCC_C_LANGUAGE_STANDARD = gnu99;
				GCC_NO_COMMON_BLOCKS = YES;
				GCC_WARN_64_TO_32_BIT_CONVERSION = YES;
				GCC_WARN_ABOUT_RETURN_TYPE = YES_ERROR;
				GCC_WARN_UNDECLARED_SELECTOR = YES;
				GCC_WARN_UNINITIALIZED_AUTOS = YES_AGGRESSIVE;
				GCC_WARN_UNUSED_FUNCTION = YES;
				GCC_WARN_UNUSED_VARIABLE = YES;
				IPHONEOS_DEPLOYMENT_TARGET = 9.0;
				MACOSX_DEPLOYMENT_TARGET = 10.11;
				MTL_ENABLE_DEBUG_INFO = NO;
				PRODUCT_NAME = XCEPipeline;
				SWIFT_OPTIMIZATION_LEVEL = "-Owholemodule";
				SWIFT_VERSION = 4.2;
				TVOS_DEPLOYMENT_TARGET = 9.0;
				VALIDATE_PRODUCT = YES;
				WATCHOS_DEPLOYMENT_TARGET = 3.0;
			};
			name = release;
		};
		B2A3B9B54ED5A24731253F9F /* debug */ = {
			isa = XCBuildConfiguration;
			baseConfigurationReference = D65C6AD563CE35D41DE98E72 /* Pods-macOS-Pipeline.debug.xcconfig */;
			buildSettings = {
				ALWAYS_EMBED_SWIFT_STANDARD_LIBRARIES = YES;
				ALWAYS_SEARCH_USER_PATHS = NO;
				CLANG_ANALYZER_NONNULL = YES;
				CLANG_ANALYZER_NUMBER_OBJECT_CONVERSION = YES_AGGRESSIVE;
				CLANG_CXX_LANGUAGE_STANDARD = "gnu++14";
				CLANG_CXX_LIBRARY = "libc++";
				CLANG_ENABLE_MODULES = YES;
				CLANG_ENABLE_OBJC_ARC = YES;
				CLANG_ENABLE_OBJC_WEAK = YES;
				CLANG_WARN_BLOCK_CAPTURE_AUTORELEASING = YES;
				CLANG_WARN_BOOL_CONVERSION = YES;
				CLANG_WARN_COMMA = YES;
				CLANG_WARN_CONSTANT_CONVERSION = YES;
				CLANG_WARN_DEPRECATED_OBJC_IMPLEMENTATIONS = YES;
				CLANG_WARN_DIRECT_OBJC_ISA_USAGE = YES_ERROR;
				CLANG_WARN_DOCUMENTATION_COMMENTS = YES;
				CLANG_WARN_EMPTY_BODY = YES;
				CLANG_WARN_ENUM_CONVERSION = YES;
				CLANG_WARN_INFINITE_RECURSION = YES;
				CLANG_WARN_INT_CONVERSION = YES;
				CLANG_WARN_NON_LITERAL_NULL_CONVERSION = YES;
				CLANG_WARN_OBJC_IMPLICIT_RETAIN_SELF = YES;
				CLANG_WARN_OBJC_LITERAL_CONVERSION = YES;
				CLANG_WARN_OBJC_ROOT_CLASS = YES_ERROR;
				CLANG_WARN_RANGE_LOOP_ANALYSIS = YES;
				CLANG_WARN_STRICT_PROTOTYPES = YES;
				CLANG_WARN_SUSPICIOUS_MOVE = YES;
				CLANG_WARN_UNGUARDED_AVAILABILITY = YES_AGGRESSIVE;
				CLANG_WARN_UNREACHABLE_CODE = YES;
				CLANG_WARN__DUPLICATE_METHOD_MATCH = YES;
				CODE_SIGN_IDENTITY = "Mac Developer";
				CODE_SIGN_STYLE = Automatic;
				COMBINE_HIDPI_IMAGES = YES;
				COPY_PHASE_STRIP = NO;
				CURRENT_PROJECT_VERSION = 1;
				DEBUG_INFORMATION_FORMAT = dwarf;
				DEFINES_MODULE = YES;
				DYLIB_COMPATIBILITY_VERSION = 1;
				DYLIB_CURRENT_VERSION = 1;
				DYLIB_INSTALL_NAME_BASE = "@rpath";
				ENABLE_STRICT_OBJC_MSGSEND = YES;
				ENABLE_TESTABILITY = YES;
				FRAMEWORK_VERSION = A;
				GCC_C_LANGUAGE_STANDARD = gnu11;
				GCC_DYNAMIC_NO_PIC = NO;
				GCC_NO_COMMON_BLOCKS = YES;
				GCC_OPTIMIZATION_LEVEL = 0;
				GCC_PREPROCESSOR_DEFINITIONS = (
					DEBUG1,
					"$(inherited)",
				);
				GCC_WARN_64_TO_32_BIT_CONVERSION = YES;
				GCC_WARN_ABOUT_RETURN_TYPE = YES_ERROR;
				GCC_WARN_UNDECLARED_SELECTOR = YES;
				GCC_WARN_UNINITIALIZED_AUTOS = YES_AGGRESSIVE;
				GCC_WARN_UNUSED_FUNCTION = YES;
				GCC_WARN_UNUSED_VARIABLE = YES;
				INFOPLIST_FILE = "Info/macOS-Pipeline.plist";
				INSTALL_PATH = "$(LOCAL_LIBRARY_DIR)/Frameworks";
				LD_RUNPATH_SEARCH_PATHS = "$(inherited) @executable_path/../Frameworks @loader_path/Frameworks";
				MACOSX_DEPLOYMENT_TARGET = 10.11;
				MTL_ENABLE_DEBUG_INFO = INCLUDE_SOURCE;
				MTL_FAST_MATH = YES;
				ONLY_ACTIVE_ARCH = YES;
				PRODUCT_BUNDLE_IDENTIFIER = "com.XCEssentials.macOS-Pipeline";
				PRODUCT_NAME = "$(inherited)";
				SDKROOT = macosx;
				SKIP_INSTALL = YES;
				SWIFT_ACTIVE_COMPILATION_CONDITIONS = DEBUG;
				SWIFT_OPTIMIZATION_LEVEL = "-Onone";
				SWIFT_VERSION = "$(inherited)";
				VERSIONING_SYSTEM = "apple-generic";
				VERSION_INFO_PREFIX = "";
			};
			name = debug;
		};
		B5537B4C15159713918455A9 /* debug */ = {
			isa = XCBuildConfiguration;
			buildSettings = {
				ALWAYS_EMBED_SWIFT_STANDARD_LIBRARIES = YES;
				ALWAYS_SEARCH_USER_PATHS = NO;
				BUNDLE_LOADER = "$(TEST_HOST)";
				CLANG_ANALYZER_NONNULL = YES;
				CLANG_ANALYZER_NUMBER_OBJECT_CONVERSION = YES_AGGRESSIVE;
				CLANG_CXX_LANGUAGE_STANDARD = "gnu++14";
				CLANG_CXX_LIBRARY = "libc++";
				CLANG_ENABLE_MODULES = YES;
				CLANG_ENABLE_OBJC_ARC = YES;
				CLANG_ENABLE_OBJC_WEAK = YES;
				CLANG_WARN_BLOCK_CAPTURE_AUTORELEASING = YES;
				CLANG_WARN_BOOL_CONVERSION = YES;
				CLANG_WARN_COMMA = YES;
				CLANG_WARN_CONSTANT_CONVERSION = YES;
				CLANG_WARN_DEPRECATED_OBJC_IMPLEMENTATIONS = YES;
				CLANG_WARN_DIRECT_OBJC_ISA_USAGE = YES_ERROR;
				CLANG_WARN_DOCUMENTATION_COMMENTS = YES;
				CLANG_WARN_EMPTY_BODY = YES;
				CLANG_WARN_ENUM_CONVERSION = YES;
				CLANG_WARN_INFINITE_RECURSION = YES;
				CLANG_WARN_INT_CONVERSION = YES;
				CLANG_WARN_NON_LITERAL_NULL_CONVERSION = YES;
				CLANG_WARN_OBJC_IMPLICIT_RETAIN_SELF = YES;
				CLANG_WARN_OBJC_LITERAL_CONVERSION = YES;
				CLANG_WARN_OBJC_ROOT_CLASS = YES_ERROR;
				CLANG_WARN_RANGE_LOOP_ANALYSIS = YES;
				CLANG_WARN_STRICT_PROTOTYPES = YES;
				CLANG_WARN_SUSPICIOUS_MOVE = YES;
				CLANG_WARN_UNGUARDED_AVAILABILITY = YES_AGGRESSIVE;
				CLANG_WARN_UNREACHABLE_CODE = YES;
				CLANG_WARN__DUPLICATE_METHOD_MATCH = YES;
				CODE_SIGN_STYLE = Automatic;
				COPY_PHASE_STRIP = NO;
				CURRENT_PROJECT_VERSION = 1;
				DEBUG_INFORMATION_FORMAT = dwarf;
				ENABLE_STRICT_OBJC_MSGSEND = YES;
				ENABLE_TESTABILITY = YES;
				GCC_C_LANGUAGE_STANDARD = gnu11;
				GCC_DYNAMIC_NO_PIC = NO;
				GCC_NO_COMMON_BLOCKS = YES;
				GCC_OPTIMIZATION_LEVEL = 0;
				GCC_PREPROCESSOR_DEFINITIONS = (
					DEBUG1,
					"$(inherited)",
				);
				GCC_WARN_64_TO_32_BIT_CONVERSION = YES;
				GCC_WARN_ABOUT_RETURN_TYPE = YES_ERROR;
				GCC_WARN_UNDECLARED_SELECTOR = YES;
				GCC_WARN_UNINITIALIZED_AUTOS = YES_AGGRESSIVE;
				GCC_WARN_UNUSED_FUNCTION = YES;
				GCC_WARN_UNUSED_VARIABLE = YES;
				INFOPLIST_FILE = "Info/tvOS-PipelineTests.plist";
				LD_RUNPATH_SEARCH_PATHS = "$(inherited) @executable_path/Frameworks @loader_path/Frameworks";
				MTL_ENABLE_DEBUG_INFO = INCLUDE_SOURCE;
				MTL_FAST_MATH = YES;
				ONLY_ACTIVE_ARCH = YES;
				PRODUCT_BUNDLE_IDENTIFIER = "com.XCEssentials.tvOS-PipelineTests";
				PRODUCT_NAME = "$(TARGET_NAME)";
				SDKROOT = appletvos;
				SWIFT_ACTIVE_COMPILATION_CONDITIONS = DEBUG;
				SWIFT_OPTIMIZATION_LEVEL = "-Onone";
				SWIFT_VERSION = "$(inherited)";
				TARGETED_DEVICE_FAMILY = 3;
				TVOS_DEPLOYMENT_TARGET = 9.0;
			};
			name = debug;
		};
/* End XCBuildConfiguration section */

/* Begin XCConfigurationList section */
		31D5213D26649527537BD203 /* Build configuration list for PBXNativeTarget "iOS-PipelineTests" */ = {
			isa = XCConfigurationList;
			buildConfigurations = (
				85A45461B95FE578AA38AE60 /* debug */,
				4BB22F7E422E0728057D175F /* release */,
			);
			defaultConfigurationIsVisible = 0;
			defaultConfigurationName = Release;
		};
		5B318CCE56FEFE5617274920 /* Build configuration list for PBXNativeTarget "macOS-Pipeline" */ = {
			isa = XCConfigurationList;
			buildConfigurations = (
				B2A3B9B54ED5A24731253F9F /* debug */,
				71908FAE8D3B74EB8FED7A9F /* release */,
			);
			defaultConfigurationIsVisible = 0;
			defaultConfigurationName = Release;
		};
		A1DF8FDF6AE12120E12EBAA5 /* Build configuration list for PBXProject "Pipeline" */ = {
			isa = XCConfigurationList;
			buildConfigurations = (
				8D9C984F35AF09D63AB53961 /* debug */,
				AAC8FD3242E7CDA17E832D94 /* release */,
			);
			defaultConfigurationIsVisible = 0;
			defaultConfigurationName = debug;
		};
		B173F93494AF700AD50C2433 /* Build configuration list for PBXNativeTarget "watchOS-Pipeline" */ = {
			isa = XCConfigurationList;
			buildConfigurations = (
				421F7E5FB35BE5969A0514E8 /* debug */,
				97AD0A5ACE2B2CFCDE406CAD /* release */,
			);
			defaultConfigurationIsVisible = 0;
			defaultConfigurationName = Release;
		};
		C0FC49F93248C8DA7E2B06A8 /* Build configuration list for PBXNativeTarget "tvOS-Pipeline" */ = {
			isa = XCConfigurationList;
			buildConfigurations = (
				61E55E4BFD3E81BF4A771507 /* debug */,
				6B0B072D7FE1840F8DCCE7D5 /* release */,
			);
			defaultConfigurationIsVisible = 0;
			defaultConfigurationName = Release;
		};
		D26F0EDEE3BB3D5113E0AC87 /* Build configuration list for PBXNativeTarget "iOS-Pipeline" */ = {
			isa = XCConfigurationList;
			buildConfigurations = (
				0E9AE0D7C4A0E936BA0A7602 /* debug */,
				754239413B8ABC14B99CA4C7 /* release */,
			);
			defaultConfigurationIsVisible = 0;
			defaultConfigurationName = Release;
		};
		F9FC00119016E76DA10E002C /* Build configuration list for PBXNativeTarget "macOS-PipelineTests" */ = {
			isa = XCConfigurationList;
			buildConfigurations = (
				067CB128D95C51B102BD088C /* debug */,
				8DD2EF7B307032D30EE5FB20 /* release */,
			);
			defaultConfigurationIsVisible = 0;
			defaultConfigurationName = Release;
		};
		FB32C042D26434698919FCC2 /* Build configuration list for PBXNativeTarget "tvOS-PipelineTests" */ = {
			isa = XCConfigurationList;
			buildConfigurations = (
				B5537B4C15159713918455A9 /* debug */,
				59BE5BE22D120303FD302778 /* release */,
			);
			defaultConfigurationIsVisible = 0;
			defaultConfigurationName = Release;
		};
/* End XCConfigurationList section */
	};
	rootObject = 9F512CBF4811A1A0E552BEE6 /* Project object */;
}
